
Microsoft Visual Studio Solution File, Format Version 12.00
# Visual Studio Version 16
VisualStudioVersion = 16.0.31729.503
MinimumVisualStudioVersion = 10.0.40219.1
Project("{9A19103F-16F7-4668-BE54-9A1E7A4F7556}") = "IdentityManager.WebApi", "src\IdentityManager\WebApi\IdentityManager.WebApi.csproj", "{B5ED7BC3-3C4E-40A0-9C48-70547D0D12E3}"
EndProject
Project("{2150E333-8FDC-42A3-9474-1A3956D46DE8}") = "src", "src", "{687F86B5-929C-4BB6-AAEE-10DF8088FEA1}"
EndProject
Project("{2150E333-8FDC-42A3-9474-1A3956D46DE8}") = "Solution Items", "Solution Items", "{6619CA84-D58C-44FC-BBE6-72D51A6C4CC6}"
	ProjectSection(SolutionItems) = preProject
		src\IdentityManager\Directory.Build.props = src\IdentityManager\Directory.Build.props
		src\IdentityManager\Directory.Build.targets = src\IdentityManager\Directory.Build.targets
		src\IdentityManager\Packages.props = src\IdentityManager\Packages.props
		src\IdentityManager\version.json = src\IdentityManager\version.json
	EndProjectSection
EndProject
Project("{9A19103F-16F7-4668-BE54-9A1E7A4F7556}") = "IdentityManager.Repository.Abstractions", "src\IdentityManager\Repository.Abstractions\IdentityManager.Repository.Abstractions.csproj", "{96066A67-D1A7-4338-B0DC-E9A2493609E0}"
EndProject
Project("{9A19103F-16F7-4668-BE54-9A1E7A4F7556}") = "IdentityManager.Repository.EntityFramework", "src\IdentityManager\Repository.EntityFramework\IdentityManager.Repository.EntityFramework.csproj", "{D44AAC23-0FFC-40F2-884B-3D54BF190557}"
EndProject
Project("{9A19103F-16F7-4668-BE54-9A1E7A4F7556}") = "IdentityManager.Service", "src\IdentityManager\Service\IdentityManager.Service.csproj", "{C188F182-6926-444D-A7E7-4C3B6C347168}"
EndProject
Project("{9A19103F-16F7-4668-BE54-9A1E7A4F7556}") = "IdentityManager.Service.Abstractions", "src\IdentityManager\Service.Abstractions\IdentityManager.Service.Abstractions.csproj", "{61BA1862-B8EF-4B63-9CA0-7B7B098178FA}"
EndProject
Project("{9A19103F-16F7-4668-BE54-9A1E7A4F7556}") = "Travely.Common", "src\Commons\Travely.Common\Travely.Common.csproj", "{A18E82AC-FEF8-4A81-8DF1-871F2290185C}"
EndProject
Project("{9A19103F-16F7-4668-BE54-9A1E7A4F7556}") = "IdentityAuthorization", "IdentityAuthorization\IdentityAuthorization.csproj", "{AC38D293-6EF7-4610-9D82-5BC85B2189E3}"
EndProject
Project("{9A19103F-16F7-4668-BE54-9A1E7A4F7556}") = "Travely.IdentityClient", "src\IdentityManager\IdentityClient\Travely.IdentityClient.csproj", "{BE24536D-CFD9-4AA3-8E33-8FC5E7D235B6}"
EndProject
Global
	GlobalSection(SolutionConfigurationPlatforms) = preSolution
		Debug|Any CPU = Debug|Any CPU
		Debug|ARM = Debug|ARM
		Debug|ARM64 = Debug|ARM64
		Debug|x64 = Debug|x64
		Debug|x86 = Debug|x86
		Release|Any CPU = Release|Any CPU
		Release|ARM = Release|ARM
		Release|ARM64 = Release|ARM64
		Release|x64 = Release|x64
		Release|x86 = Release|x86
	EndGlobalSection
	GlobalSection(ProjectConfigurationPlatforms) = postSolution
		{B5ED7BC3-3C4E-40A0-9C48-70547D0D12E3}.Debug|Any CPU.ActiveCfg = Debug|Any CPU
		{B5ED7BC3-3C4E-40A0-9C48-70547D0D12E3}.Debug|Any CPU.Build.0 = Debug|Any CPU
		{B5ED7BC3-3C4E-40A0-9C48-70547D0D12E3}.Debug|ARM.ActiveCfg = Debug|Any CPU
		{B5ED7BC3-3C4E-40A0-9C48-70547D0D12E3}.Debug|ARM.Build.0 = Debug|Any CPU
		{B5ED7BC3-3C4E-40A0-9C48-70547D0D12E3}.Debug|ARM64.ActiveCfg = Debug|Any CPU
		{B5ED7BC3-3C4E-40A0-9C48-70547D0D12E3}.Debug|ARM64.Build.0 = Debug|Any CPU
		{B5ED7BC3-3C4E-40A0-9C48-70547D0D12E3}.Debug|x64.ActiveCfg = Debug|Any CPU
		{B5ED7BC3-3C4E-40A0-9C48-70547D0D12E3}.Debug|x64.Build.0 = Debug|Any CPU
		{B5ED7BC3-3C4E-40A0-9C48-70547D0D12E3}.Debug|x86.ActiveCfg = Debug|Any CPU
		{B5ED7BC3-3C4E-40A0-9C48-70547D0D12E3}.Debug|x86.Build.0 = Debug|Any CPU
		{B5ED7BC3-3C4E-40A0-9C48-70547D0D12E3}.Release|Any CPU.ActiveCfg = Release|Any CPU
		{B5ED7BC3-3C4E-40A0-9C48-70547D0D12E3}.Release|Any CPU.Build.0 = Release|Any CPU
		{B5ED7BC3-3C4E-40A0-9C48-70547D0D12E3}.Release|ARM.ActiveCfg = Release|Any CPU
		{B5ED7BC3-3C4E-40A0-9C48-70547D0D12E3}.Release|ARM.Build.0 = Release|Any CPU
		{B5ED7BC3-3C4E-40A0-9C48-70547D0D12E3}.Release|ARM64.ActiveCfg = Release|Any CPU
		{B5ED7BC3-3C4E-40A0-9C48-70547D0D12E3}.Release|ARM64.Build.0 = Release|Any CPU
		{B5ED7BC3-3C4E-40A0-9C48-70547D0D12E3}.Release|x64.ActiveCfg = Release|Any CPU
		{B5ED7BC3-3C4E-40A0-9C48-70547D0D12E3}.Release|x64.Build.0 = Release|Any CPU
		{B5ED7BC3-3C4E-40A0-9C48-70547D0D12E3}.Release|x86.ActiveCfg = Release|Any CPU
		{B5ED7BC3-3C4E-40A0-9C48-70547D0D12E3}.Release|x86.Build.0 = Release|Any CPU
		{96066A67-D1A7-4338-B0DC-E9A2493609E0}.Debug|Any CPU.ActiveCfg = Debug|Any CPU
		{96066A67-D1A7-4338-B0DC-E9A2493609E0}.Debug|Any CPU.Build.0 = Debug|Any CPU
		{96066A67-D1A7-4338-B0DC-E9A2493609E0}.Debug|ARM.ActiveCfg = Debug|Any CPU
		{96066A67-D1A7-4338-B0DC-E9A2493609E0}.Debug|ARM.Build.0 = Debug|Any CPU
		{96066A67-D1A7-4338-B0DC-E9A2493609E0}.Debug|ARM64.ActiveCfg = Debug|Any CPU
		{96066A67-D1A7-4338-B0DC-E9A2493609E0}.Debug|ARM64.Build.0 = Debug|Any CPU
		{96066A67-D1A7-4338-B0DC-E9A2493609E0}.Debug|x64.ActiveCfg = Debug|Any CPU
		{96066A67-D1A7-4338-B0DC-E9A2493609E0}.Debug|x64.Build.0 = Debug|Any CPU
		{96066A67-D1A7-4338-B0DC-E9A2493609E0}.Debug|x86.ActiveCfg = Debug|Any CPU
		{96066A67-D1A7-4338-B0DC-E9A2493609E0}.Debug|x86.Build.0 = Debug|Any CPU
		{96066A67-D1A7-4338-B0DC-E9A2493609E0}.Release|Any CPU.ActiveCfg = Release|Any CPU
		{96066A67-D1A7-4338-B0DC-E9A2493609E0}.Release|Any CPU.Build.0 = Release|Any CPU
		{96066A67-D1A7-4338-B0DC-E9A2493609E0}.Release|ARM.ActiveCfg = Release|Any CPU
		{96066A67-D1A7-4338-B0DC-E9A2493609E0}.Release|ARM.Build.0 = Release|Any CPU
		{96066A67-D1A7-4338-B0DC-E9A2493609E0}.Release|ARM64.ActiveCfg = Release|Any CPU
		{96066A67-D1A7-4338-B0DC-E9A2493609E0}.Release|ARM64.Build.0 = Release|Any CPU
		{96066A67-D1A7-4338-B0DC-E9A2493609E0}.Release|x64.ActiveCfg = Release|Any CPU
		{96066A67-D1A7-4338-B0DC-E9A2493609E0}.Release|x64.Build.0 = Release|Any CPU
		{96066A67-D1A7-4338-B0DC-E9A2493609E0}.Release|x86.ActiveCfg = Release|Any CPU
		{96066A67-D1A7-4338-B0DC-E9A2493609E0}.Release|x86.Build.0 = Release|Any CPU
		{D44AAC23-0FFC-40F2-884B-3D54BF190557}.Debug|Any CPU.ActiveCfg = Debug|Any CPU
		{D44AAC23-0FFC-40F2-884B-3D54BF190557}.Debug|Any CPU.Build.0 = Debug|Any CPU
		{D44AAC23-0FFC-40F2-884B-3D54BF190557}.Debug|ARM.ActiveCfg = Debug|Any CPU
		{D44AAC23-0FFC-40F2-884B-3D54BF190557}.Debug|ARM.Build.0 = Debug|Any CPU
		{D44AAC23-0FFC-40F2-884B-3D54BF190557}.Debug|ARM64.ActiveCfg = Debug|Any CPU
		{D44AAC23-0FFC-40F2-884B-3D54BF190557}.Debug|ARM64.Build.0 = Debug|Any CPU
		{D44AAC23-0FFC-40F2-884B-3D54BF190557}.Debug|x64.ActiveCfg = Debug|Any CPU
		{D44AAC23-0FFC-40F2-884B-3D54BF190557}.Debug|x64.Build.0 = Debug|Any CPU
		{D44AAC23-0FFC-40F2-884B-3D54BF190557}.Debug|x86.ActiveCfg = Debug|Any CPU
		{D44AAC23-0FFC-40F2-884B-3D54BF190557}.Debug|x86.Build.0 = Debug|Any CPU
		{D44AAC23-0FFC-40F2-884B-3D54BF190557}.Release|Any CPU.ActiveCfg = Release|Any CPU
		{D44AAC23-0FFC-40F2-884B-3D54BF190557}.Release|Any CPU.Build.0 = Release|Any CPU
		{D44AAC23-0FFC-40F2-884B-3D54BF190557}.Release|ARM.ActiveCfg = Release|Any CPU
		{D44AAC23-0FFC-40F2-884B-3D54BF190557}.Release|ARM.Build.0 = Release|Any CPU
		{D44AAC23-0FFC-40F2-884B-3D54BF190557}.Release|ARM64.ActiveCfg = Release|Any CPU
		{D44AAC23-0FFC-40F2-884B-3D54BF190557}.Release|ARM64.Build.0 = Release|Any CPU
		{D44AAC23-0FFC-40F2-884B-3D54BF190557}.Release|x64.ActiveCfg = Release|Any CPU
		{D44AAC23-0FFC-40F2-884B-3D54BF190557}.Release|x64.Build.0 = Release|Any CPU
		{D44AAC23-0FFC-40F2-884B-3D54BF190557}.Release|x86.ActiveCfg = Release|Any CPU
		{D44AAC23-0FFC-40F2-884B-3D54BF190557}.Release|x86.Build.0 = Release|Any CPU
		{C188F182-6926-444D-A7E7-4C3B6C347168}.Debug|Any CPU.ActiveCfg = Debug|Any CPU
		{C188F182-6926-444D-A7E7-4C3B6C347168}.Debug|Any CPU.Build.0 = Debug|Any CPU
		{C188F182-6926-444D-A7E7-4C3B6C347168}.Debug|ARM.ActiveCfg = Debug|Any CPU
		{C188F182-6926-444D-A7E7-4C3B6C347168}.Debug|ARM.Build.0 = Debug|Any CPU
		{C188F182-6926-444D-A7E7-4C3B6C347168}.Debug|ARM64.ActiveCfg = Debug|Any CPU
		{C188F182-6926-444D-A7E7-4C3B6C347168}.Debug|ARM64.Build.0 = Debug|Any CPU
		{C188F182-6926-444D-A7E7-4C3B6C347168}.Debug|x64.ActiveCfg = Debug|Any CPU
		{C188F182-6926-444D-A7E7-4C3B6C347168}.Debug|x64.Build.0 = Debug|Any CPU
		{C188F182-6926-444D-A7E7-4C3B6C347168}.Debug|x86.ActiveCfg = Debug|Any CPU
		{C188F182-6926-444D-A7E7-4C3B6C347168}.Debug|x86.Build.0 = Debug|Any CPU
		{C188F182-6926-444D-A7E7-4C3B6C347168}.Release|Any CPU.ActiveCfg = Release|Any CPU
		{C188F182-6926-444D-A7E7-4C3B6C347168}.Release|Any CPU.Build.0 = Release|Any CPU
		{C188F182-6926-444D-A7E7-4C3B6C347168}.Release|ARM.ActiveCfg = Release|Any CPU
		{C188F182-6926-444D-A7E7-4C3B6C347168}.Release|ARM.Build.0 = Release|Any CPU
		{C188F182-6926-444D-A7E7-4C3B6C347168}.Release|ARM64.ActiveCfg = Release|Any CPU
		{C188F182-6926-444D-A7E7-4C3B6C347168}.Release|ARM64.Build.0 = Release|Any CPU
		{C188F182-6926-444D-A7E7-4C3B6C347168}.Release|x64.ActiveCfg = Release|Any CPU
		{C188F182-6926-444D-A7E7-4C3B6C347168}.Release|x64.Build.0 = Release|Any CPU
		{C188F182-6926-444D-A7E7-4C3B6C347168}.Release|x86.ActiveCfg = Release|Any CPU
		{C188F182-6926-444D-A7E7-4C3B6C347168}.Release|x86.Build.0 = Release|Any CPU
		{61BA1862-B8EF-4B63-9CA0-7B7B098178FA}.Debug|Any CPU.ActiveCfg = Debug|Any CPU
		{61BA1862-B8EF-4B63-9CA0-7B7B098178FA}.Debug|Any CPU.Build.0 = Debug|Any CPU
		{61BA1862-B8EF-4B63-9CA0-7B7B098178FA}.Debug|ARM.ActiveCfg = Debug|Any CPU
		{61BA1862-B8EF-4B63-9CA0-7B7B098178FA}.Debug|ARM.Build.0 = Debug|Any CPU
		{61BA1862-B8EF-4B63-9CA0-7B7B098178FA}.Debug|ARM64.ActiveCfg = Debug|Any CPU
		{61BA1862-B8EF-4B63-9CA0-7B7B098178FA}.Debug|ARM64.Build.0 = Debug|Any CPU
		{61BA1862-B8EF-4B63-9CA0-7B7B098178FA}.Debug|x64.ActiveCfg = Debug|Any CPU
		{61BA1862-B8EF-4B63-9CA0-7B7B098178FA}.Debug|x64.Build.0 = Debug|Any CPU
		{61BA1862-B8EF-4B63-9CA0-7B7B098178FA}.Debug|x86.ActiveCfg = Debug|Any CPU
		{61BA1862-B8EF-4B63-9CA0-7B7B098178FA}.Debug|x86.Build.0 = Debug|Any CPU
		{61BA1862-B8EF-4B63-9CA0-7B7B098178FA}.Release|Any CPU.ActiveCfg = Release|Any CPU
		{61BA1862-B8EF-4B63-9CA0-7B7B098178FA}.Release|Any CPU.Build.0 = Release|Any CPU
		{61BA1862-B8EF-4B63-9CA0-7B7B098178FA}.Release|ARM.ActiveCfg = Release|Any CPU
		{61BA1862-B8EF-4B63-9CA0-7B7B098178FA}.Release|ARM.Build.0 = Release|Any CPU
		{61BA1862-B8EF-4B63-9CA0-7B7B098178FA}.Release|ARM64.ActiveCfg = Release|Any CPU
		{61BA1862-B8EF-4B63-9CA0-7B7B098178FA}.Release|ARM64.Build.0 = Release|Any CPU
		{61BA1862-B8EF-4B63-9CA0-7B7B098178FA}.Release|x64.ActiveCfg = Release|Any CPU
		{61BA1862-B8EF-4B63-9CA0-7B7B098178FA}.Release|x64.Build.0 = Release|Any CPU
		{61BA1862-B8EF-4B63-9CA0-7B7B098178FA}.Release|x86.ActiveCfg = Release|Any CPU
		{61BA1862-B8EF-4B63-9CA0-7B7B098178FA}.Release|x86.Build.0 = Release|Any CPU
		{A18E82AC-FEF8-4A81-8DF1-871F2290185C}.Debug|Any CPU.ActiveCfg = Debug|Any CPU
		{A18E82AC-FEF8-4A81-8DF1-871F2290185C}.Debug|Any CPU.Build.0 = Debug|Any CPU
		{A18E82AC-FEF8-4A81-8DF1-871F2290185C}.Debug|ARM.ActiveCfg = Debug|Any CPU
		{A18E82AC-FEF8-4A81-8DF1-871F2290185C}.Debug|ARM.Build.0 = Debug|Any CPU
		{A18E82AC-FEF8-4A81-8DF1-871F2290185C}.Debug|ARM64.ActiveCfg = Debug|Any CPU
		{A18E82AC-FEF8-4A81-8DF1-871F2290185C}.Debug|ARM64.Build.0 = Debug|Any CPU
		{A18E82AC-FEF8-4A81-8DF1-871F2290185C}.Debug|x64.ActiveCfg = Debug|Any CPU
		{A18E82AC-FEF8-4A81-8DF1-871F2290185C}.Debug|x64.Build.0 = Debug|Any CPU
		{A18E82AC-FEF8-4A81-8DF1-871F2290185C}.Debug|x86.ActiveCfg = Debug|Any CPU
		{A18E82AC-FEF8-4A81-8DF1-871F2290185C}.Debug|x86.Build.0 = Debug|Any CPU
		{A18E82AC-FEF8-4A81-8DF1-871F2290185C}.Release|Any CPU.ActiveCfg = Release|Any CPU
		{A18E82AC-FEF8-4A81-8DF1-871F2290185C}.Release|Any CPU.Build.0 = Release|Any CPU
		{A18E82AC-FEF8-4A81-8DF1-871F2290185C}.Release|ARM.ActiveCfg = Release|Any CPU
		{A18E82AC-FEF8-4A81-8DF1-871F2290185C}.Release|ARM.Build.0 = Release|Any CPU
		{A18E82AC-FEF8-4A81-8DF1-871F2290185C}.Release|ARM64.ActiveCfg = Release|Any CPU
		{A18E82AC-FEF8-4A81-8DF1-871F2290185C}.Release|ARM64.Build.0 = Release|Any CPU
		{A18E82AC-FEF8-4A81-8DF1-871F2290185C}.Release|x64.ActiveCfg = Release|Any CPU
		{A18E82AC-FEF8-4A81-8DF1-871F2290185C}.Release|x64.Build.0 = Release|Any CPU
		{A18E82AC-FEF8-4A81-8DF1-871F2290185C}.Release|x86.ActiveCfg = Release|Any CPU
		{A18E82AC-FEF8-4A81-8DF1-871F2290185C}.Release|x86.Build.0 = Release|Any CPU
		{AC38D293-6EF7-4610-9D82-5BC85B2189E3}.Debug|Any CPU.ActiveCfg = Debug|Any CPU
		{AC38D293-6EF7-4610-9D82-5BC85B2189E3}.Debug|Any CPU.Build.0 = Debug|Any CPU
		{AC38D293-6EF7-4610-9D82-5BC85B2189E3}.Debug|ARM.ActiveCfg = Debug|Any CPU
		{AC38D293-6EF7-4610-9D82-5BC85B2189E3}.Debug|ARM.Build.0 = Debug|Any CPU
		{AC38D293-6EF7-4610-9D82-5BC85B2189E3}.Debug|ARM64.ActiveCfg = Debug|Any CPU
		{AC38D293-6EF7-4610-9D82-5BC85B2189E3}.Debug|ARM64.Build.0 = Debug|Any CPU
		{AC38D293-6EF7-4610-9D82-5BC85B2189E3}.Debug|x64.ActiveCfg = Debug|Any CPU
		{AC38D293-6EF7-4610-9D82-5BC85B2189E3}.Debug|x64.Build.0 = Debug|Any CPU
		{AC38D293-6EF7-4610-9D82-5BC85B2189E3}.Debug|x86.ActiveCfg = Debug|Any CPU
		{AC38D293-6EF7-4610-9D82-5BC85B2189E3}.Debug|x86.Build.0 = Debug|Any CPU
		{AC38D293-6EF7-4610-9D82-5BC85B2189E3}.Release|Any CPU.ActiveCfg = Release|Any CPU
		{AC38D293-6EF7-4610-9D82-5BC85B2189E3}.Release|Any CPU.Build.0 = Release|Any CPU
		{AC38D293-6EF7-4610-9D82-5BC85B2189E3}.Release|ARM.ActiveCfg = Release|Any CPU
		{AC38D293-6EF7-4610-9D82-5BC85B2189E3}.Release|ARM.Build.0 = Release|Any CPU
		{AC38D293-6EF7-4610-9D82-5BC85B2189E3}.Release|ARM64.ActiveCfg = Release|Any CPU
		{AC38D293-6EF7-4610-9D82-5BC85B2189E3}.Release|ARM64.Build.0 = Release|Any CPU
		{AC38D293-6EF7-4610-9D82-5BC85B2189E3}.Release|x64.ActiveCfg = Release|Any CPU
		{AC38D293-6EF7-4610-9D82-5BC85B2189E3}.Release|x64.Build.0 = Release|Any CPU
		{AC38D293-6EF7-4610-9D82-5BC85B2189E3}.Release|x86.ActiveCfg = Release|Any CPU
		{AC38D293-6EF7-4610-9D82-5BC85B2189E3}.Release|x86.Build.0 = Release|Any CPU
		{BE24536D-CFD9-4AA3-8E33-8FC5E7D235B6}.Debug|Any CPU.ActiveCfg = Debug|Any CPU
		{BE24536D-CFD9-4AA3-8E33-8FC5E7D235B6}.Debug|Any CPU.Build.0 = Debug|Any CPU
		{BE24536D-CFD9-4AA3-8E33-8FC5E7D235B6}.Debug|ARM.ActiveCfg = Debug|Any CPU
		{BE24536D-CFD9-4AA3-8E33-8FC5E7D235B6}.Debug|ARM.Build.0 = Debug|Any CPU
		{BE24536D-CFD9-4AA3-8E33-8FC5E7D235B6}.Debug|ARM64.ActiveCfg = Debug|Any CPU
		{BE24536D-CFD9-4AA3-8E33-8FC5E7D235B6}.Debug|ARM64.Build.0 = Debug|Any CPU
		{BE24536D-CFD9-4AA3-8E33-8FC5E7D235B6}.Debug|x64.ActiveCfg = Debug|Any CPU
		{BE24536D-CFD9-4AA3-8E33-8FC5E7D235B6}.Debug|x64.Build.0 = Debug|Any CPU
		{BE24536D-CFD9-4AA3-8E33-8FC5E7D235B6}.Debug|x86.ActiveCfg = Debug|Any CPU
		{BE24536D-CFD9-4AA3-8E33-8FC5E7D235B6}.Debug|x86.Build.0 = Debug|Any CPU
		{BE24536D-CFD9-4AA3-8E33-8FC5E7D235B6}.Release|Any CPU.ActiveCfg = Release|Any CPU
		{BE24536D-CFD9-4AA3-8E33-8FC5E7D235B6}.Release|Any CPU.Build.0 = Release|Any CPU
		{BE24536D-CFD9-4AA3-8E33-8FC5E7D235B6}.Release|ARM.ActiveCfg = Release|Any CPU
		{BE24536D-CFD9-4AA3-8E33-8FC5E7D235B6}.Release|ARM.Build.0 = Release|Any CPU
		{BE24536D-CFD9-4AA3-8E33-8FC5E7D235B6}.Release|ARM64.ActiveCfg = Release|Any CPU
		{BE24536D-CFD9-4AA3-8E33-8FC5E7D235B6}.Release|ARM64.Build.0 = Release|Any CPU
		{BE24536D-CFD9-4AA3-8E33-8FC5E7D235B6}.Release|x64.ActiveCfg = Release|Any CPU
		{BE24536D-CFD9-4AA3-8E33-8FC5E7D235B6}.Release|x64.Build.0 = Release|Any CPU
		{BE24536D-CFD9-4AA3-8E33-8FC5E7D235B6}.Release|x86.ActiveCfg = Release|Any CPU
		{BE24536D-CFD9-4AA3-8E33-8FC5E7D235B6}.Release|x86.Build.0 = Release|Any CPU
	EndGlobalSection
	GlobalSection(SolutionProperties) = preSolution
		HideSolutionNode = FALSE
	EndGlobalSection
	GlobalSection(NestedProjects) = preSolution
		{B5ED7BC3-3C4E-40A0-9C48-70547D0D12E3} = {687F86B5-929C-4BB6-AAEE-10DF8088FEA1}
		{96066A67-D1A7-4338-B0DC-E9A2493609E0} = {687F86B5-929C-4BB6-AAEE-10DF8088FEA1}
		{D44AAC23-0FFC-40F2-884B-3D54BF190557} = {687F86B5-929C-4BB6-AAEE-10DF8088FEA1}
		{C188F182-6926-444D-A7E7-4C3B6C347168} = {687F86B5-929C-4BB6-AAEE-10DF8088FEA1}
		{61BA1862-B8EF-4B63-9CA0-7B7B098178FA} = {687F86B5-929C-4BB6-AAEE-10DF8088FEA1}
		{A18E82AC-FEF8-4A81-8DF1-871F2290185C} = {687F86B5-929C-4BB6-AAEE-10DF8088FEA1}
		{AC38D293-6EF7-4610-9D82-5BC85B2189E3} = {687F86B5-929C-4BB6-AAEE-10DF8088FEA1}
		{BE24536D-CFD9-4AA3-8E33-8FC5E7D235B6} = {687F86B5-929C-4BB6-AAEE-10DF8088FEA1}
	EndGlobalSection
	GlobalSection(ExtensibilityGlobals) = postSolution
		SolutionGuid = {BB986A52-CE13-4669-8EDD-2688C238D5C2}
	EndGlobalSection
EndGlobal
