
Microsoft Visual Studio Solution File, Format Version 12.00
# Visual Studio Version 16
VisualStudioVersion = 16.0.30804.86
MinimumVisualStudioVersion = 10.0.40219.1
Project("{2150E333-8FDC-42A3-9474-1A3956D46DE8}") = "TourManager", "TourManager", "{90D98036-508B-4ED9-A502-0D0340502EC4}"
EndProject
Project("{2150E333-8FDC-42A3-9474-1A3956D46DE8}") = "SolutionItems", "SolutionItems", "{7EA3055C-8CB7-48A8-81F3-3AF46E88F634}"
EndProject
Project("{9A19103F-16F7-4668-BE54-9A1E7A4F7556}") = "Travely․TourManager.API", "src\TourManager\Travely․TourManager.API\Travely․TourManager.API.csproj", "{D70AA8A7-FADE-47AE-B094-6FB4ADF7DD09}"
EndProject
Project("{9A19103F-16F7-4668-BE54-9A1E7A4F7556}") = "Travely․TourManager.API.Model", "src\TourManager\Travely․TourManager.API.Model\Travely․TourManager.API.Model.csproj", "{1364D557-6F6B-433B-B1DE-C08B3A09FA91}"
EndProject
Project("{9A19103F-16F7-4668-BE54-9A1E7A4F7556}") = "Travely․TourManager.Service", "src\TourManager\Travely․TourManager.Service\Travely․TourManager.Service.csproj", "{88706F69-278E-4BDB-B397-04C5EFB969D4}"
EndProject
Project("{9A19103F-16F7-4668-BE54-9A1E7A4F7556}") = "Travely․TourManager.Data", "src\TourManager\Travely․TourManager.Data\Travely․TourManager.Data.csproj", "{5E9D68A4-5653-4A6D-B099-E2AF8703BB03}"
EndProject
Project("{2150E333-8FDC-42A3-9474-1A3956D46DE8}") = "ClientManager", "ClientManager", "{DD524728-1376-4BBE-9528-4FC9688B8F8B}"
	ProjectSection(SolutionItems) = preProject
		src\ClientManager\test.txt = src\ClientManager\test.txt
	EndProjectSection
EndProject
Project("{2150E333-8FDC-42A3-9474-1A3956D46DE8}") = "EquipmentManager", "EquipmentManager", "{A7E62B25-7DC0-4B54-B652-E74837FE2DCC}"
	ProjectSection(SolutionItems) = preProject
		src\EquipmentManager\test.txt = src\EquipmentManager\test.txt
	EndProjectSection
EndProject
Project("{2150E333-8FDC-42A3-9474-1A3956D46DE8}") = "IdentityManager", "IdentityManager", "{1742E743-3758-4121-8FF3-61FC2BAB3F24}"
	ProjectSection(SolutionItems) = preProject
		src\IdentityManager\test.txt = src\IdentityManager\test.txt
	EndProjectSection
EndProject
Project("{2150E333-8FDC-42A3-9474-1A3956D46DE8}") = "PropertyManager", "PropertyManager", "{DFD7AFF6-28B5-4371-AD7C-D5E84F2B8172}"
	ProjectSection(SolutionItems) = preProject
		src\PropertyManager\test.txt = src\PropertyManager\test.txt
	EndProjectSection
EndProject
Project("{2150E333-8FDC-42A3-9474-1A3956D46DE8}") = "SchedulerManager", "SchedulerManager", "{160F72D1-9D69-4FE2-9D68-53CB828103DF}"
	ProjectSection(SolutionItems) = preProject
		src\SchedulerManager\test.txt = src\SchedulerManager\test.txt
	EndProjectSection
EndProject
Project("{2150E333-8FDC-42A3-9474-1A3956D46DE8}") = "ServiceManager", "ServiceManager", "{E26E508D-1A14-4C81-AC6C-3F78699C9B37}"
	ProjectSection(SolutionItems) = preProject
		src\ServiceManager\test.txt = src\ServiceManager\test.txt
	EndProjectSection
EndProject
Project("{9A19103F-16F7-4668-BE54-9A1E7A4F7556}") = "FileService", "src\FileServiceManager\FileService\FileService.csproj", "{0E19803B-CFD8-4D4D-9256-6B0DC136D18B}"
EndProject
Project("{2150E333-8FDC-42A3-9474-1A3956D46DE8}") = "FileServiceManager", "FileServiceManager", "{D2162C4E-9F43-4948-A11A-603EB06B2F22}"
EndProject
Project("{2150E333-8FDC-42A3-9474-1A3956D46DE8}") = "FileService", "FileService", "{91C8ABB2-45E1-499B-BC62-68CAC2C560C3}"
EndProject
Project("{2150E333-8FDC-42A3-9474-1A3956D46DE8}") = "Models", "Models", "{3A9DF6F2-2A4C-4203-810B-DC551CDE8B17}"
EndProject
Project("{9A19103F-16F7-4668-BE54-9A1E7A4F7556}") = "Models", "src\FileServiceManager\Models\Models.csproj", "{061C522B-A24F-4E61-B447-7665547F6965}"
EndProject
Project("{2150E333-8FDC-42A3-9474-1A3956D46DE8}") = "FileService.Tests", "FileService.Tests", "{E478F878-3793-4B4F-B62C-2D1001ADA592}"
EndProject
Project("{9A19103F-16F7-4668-BE54-9A1E7A4F7556}") = "FileService.Tests", "src\FileServiceManager\FileService.Tests\FileService.Tests.csproj", "{07FC090F-DA7D-4682-B59D-4934292BEF46}"
EndProject
Global
	GlobalSection(SolutionConfigurationPlatforms) = preSolution
		Debug|Any CPU = Debug|Any CPU
		Release|Any CPU = Release|Any CPU
	EndGlobalSection
	GlobalSection(ProjectConfigurationPlatforms) = postSolution
		{D70AA8A7-FADE-47AE-B094-6FB4ADF7DD09}.Debug|Any CPU.ActiveCfg = Debug|Any CPU
		{D70AA8A7-FADE-47AE-B094-6FB4ADF7DD09}.Debug|Any CPU.Build.0 = Debug|Any CPU
		{D70AA8A7-FADE-47AE-B094-6FB4ADF7DD09}.Release|Any CPU.ActiveCfg = Release|Any CPU
		{D70AA8A7-FADE-47AE-B094-6FB4ADF7DD09}.Release|Any CPU.Build.0 = Release|Any CPU
		{1364D557-6F6B-433B-B1DE-C08B3A09FA91}.Debug|Any CPU.ActiveCfg = Debug|Any CPU
		{1364D557-6F6B-433B-B1DE-C08B3A09FA91}.Debug|Any CPU.Build.0 = Debug|Any CPU
		{1364D557-6F6B-433B-B1DE-C08B3A09FA91}.Release|Any CPU.ActiveCfg = Release|Any CPU
		{1364D557-6F6B-433B-B1DE-C08B3A09FA91}.Release|Any CPU.Build.0 = Release|Any CPU
		{88706F69-278E-4BDB-B397-04C5EFB969D4}.Debug|Any CPU.ActiveCfg = Debug|Any CPU
		{88706F69-278E-4BDB-B397-04C5EFB969D4}.Debug|Any CPU.Build.0 = Debug|Any CPU
		{88706F69-278E-4BDB-B397-04C5EFB969D4}.Release|Any CPU.ActiveCfg = Release|Any CPU
		{88706F69-278E-4BDB-B397-04C5EFB969D4}.Release|Any CPU.Build.0 = Release|Any CPU
		{5E9D68A4-5653-4A6D-B099-E2AF8703BB03}.Debug|Any CPU.ActiveCfg = Debug|Any CPU
		{5E9D68A4-5653-4A6D-B099-E2AF8703BB03}.Debug|Any CPU.Build.0 = Debug|Any CPU
		{5E9D68A4-5653-4A6D-B099-E2AF8703BB03}.Release|Any CPU.ActiveCfg = Release|Any CPU
		{5E9D68A4-5653-4A6D-B099-E2AF8703BB03}.Release|Any CPU.Build.0 = Release|Any CPU
		{0E19803B-CFD8-4D4D-9256-6B0DC136D18B}.Debug|Any CPU.ActiveCfg = Debug|Any CPU
		{0E19803B-CFD8-4D4D-9256-6B0DC136D18B}.Debug|Any CPU.Build.0 = Debug|Any CPU
		{0E19803B-CFD8-4D4D-9256-6B0DC136D18B}.Release|Any CPU.ActiveCfg = Release|Any CPU
		{0E19803B-CFD8-4D4D-9256-6B0DC136D18B}.Release|Any CPU.Build.0 = Release|Any CPU
		{061C522B-A24F-4E61-B447-7665547F6965}.Debug|Any CPU.ActiveCfg = Debug|Any CPU
		{061C522B-A24F-4E61-B447-7665547F6965}.Debug|Any CPU.Build.0 = Debug|Any CPU
		{061C522B-A24F-4E61-B447-7665547F6965}.Release|Any CPU.ActiveCfg = Release|Any CPU
		{061C522B-A24F-4E61-B447-7665547F6965}.Release|Any CPU.Build.0 = Release|Any CPU
		{07FC090F-DA7D-4682-B59D-4934292BEF46}.Debug|Any CPU.ActiveCfg = Debug|Any CPU
		{07FC090F-DA7D-4682-B59D-4934292BEF46}.Debug|Any CPU.Build.0 = Debug|Any CPU
		{07FC090F-DA7D-4682-B59D-4934292BEF46}.Release|Any CPU.ActiveCfg = Release|Any CPU
		{07FC090F-DA7D-4682-B59D-4934292BEF46}.Release|Any CPU.Build.0 = Release|Any CPU
	EndGlobalSection
	GlobalSection(SolutionProperties) = preSolution
		HideSolutionNode = FALSE
	EndGlobalSection
	GlobalSection(NestedProjects) = preSolution
		{D70AA8A7-FADE-47AE-B094-6FB4ADF7DD09} = {90D98036-508B-4ED9-A502-0D0340502EC4}
		{1364D557-6F6B-433B-B1DE-C08B3A09FA91} = {90D98036-508B-4ED9-A502-0D0340502EC4}
		{88706F69-278E-4BDB-B397-04C5EFB969D4} = {90D98036-508B-4ED9-A502-0D0340502EC4}
		{5E9D68A4-5653-4A6D-B099-E2AF8703BB03} = {90D98036-508B-4ED9-A502-0D0340502EC4}
		{0E19803B-CFD8-4D4D-9256-6B0DC136D18B} = {91C8ABB2-45E1-499B-BC62-68CAC2C560C3}
		{91C8ABB2-45E1-499B-BC62-68CAC2C560C3} = {D2162C4E-9F43-4948-A11A-603EB06B2F22}
		{3A9DF6F2-2A4C-4203-810B-DC551CDE8B17} = {D2162C4E-9F43-4948-A11A-603EB06B2F22}
		{061C522B-A24F-4E61-B447-7665547F6965} = {3A9DF6F2-2A4C-4203-810B-DC551CDE8B17}
		{E478F878-3793-4B4F-B62C-2D1001ADA592} = {D2162C4E-9F43-4948-A11A-603EB06B2F22}
		{07FC090F-DA7D-4682-B59D-4934292BEF46} = {E478F878-3793-4B4F-B62C-2D1001ADA592}
	EndGlobalSection
	GlobalSection(ExtensibilityGlobals) = postSolution
		SolutionGuid = {415D9C51-FD40-480F-8A3F-95A1F0E5D750}
	EndGlobalSection
EndGlobal
