
Microsoft Visual Studio Solution File, Format Version 12.00
# Visual Studio Version 16
VisualStudioVersion = 16.0.30804.86
MinimumVisualStudioVersion = 10.0.40219.1
Project("{2150E333-8FDC-42A3-9474-1A3956D46DE8}") = "TourManager", "TourManager", "{90D98036-508B-4ED9-A502-0D0340502EC4}"
EndProject
Project("{2150E333-8FDC-42A3-9474-1A3956D46DE8}") = "SolutionItems", "SolutionItems", "{7EA3055C-8CB7-48A8-81F3-3AF46E88F634}"
EndProject
Project("{9A19103F-16F7-4668-BE54-9A1E7A4F7556}") = "Travely․TourManager.API", "src\TourManager\Travely․TourManager.API\Travely․TourManager.API.csproj", "{D70AA8A7-FADE-47AE-B094-6FB4ADF7DD09}"
EndProject
Project("{9A19103F-16F7-4668-BE54-9A1E7A4F7556}") = "Travely․TourManager.API.Model", "src\TourManager\Travely․TourManager.API.Model\Travely․TourManager.API.Model.csproj", "{1364D557-6F6B-433B-B1DE-C08B3A09FA91}"
EndProject
Project("{9A19103F-16F7-4668-BE54-9A1E7A4F7556}") = "Travely․TourManager.Service", "src\TourManager\Travely․TourManager.Service\Travely․TourManager.Service.csproj", "{88706F69-278E-4BDB-B397-04C5EFB969D4}"
EndProject
Project("{9A19103F-16F7-4668-BE54-9A1E7A4F7556}") = "Travely․TourManager.Data", "src\TourManager\Travely․TourManager.Data\Travely․TourManager.Data.csproj", "{5E9D68A4-5653-4A6D-B099-E2AF8703BB03}"
EndProject
Project("{2150E333-8FDC-42A3-9474-1A3956D46DE8}") = "ClientManager", "ClientManager", "{DD524728-1376-4BBE-9528-4FC9688B8F8B}"
	ProjectSection(SolutionItems) = preProject
		src\ClientManager\test.txt = src\ClientManager\test.txt
	EndProjectSection
EndProject
Project("{2150E333-8FDC-42A3-9474-1A3956D46DE8}") = "EquipmentManager", "EquipmentManager", "{A7E62B25-7DC0-4B54-B652-E74837FE2DCC}"
	ProjectSection(SolutionItems) = preProject
		src\EquipmentManager\test.txt = src\EquipmentManager\test.txt
	EndProjectSection
EndProject
Project("{2150E333-8FDC-42A3-9474-1A3956D46DE8}") = "IdentityManager", "IdentityManager", "{1742E743-3758-4121-8FF3-61FC2BAB3F24}"
	ProjectSection(SolutionItems) = preProject
		src\IdentityManager\test.txt = src\IdentityManager\test.txt
	EndProjectSection
EndProject
Project("{2150E333-8FDC-42A3-9474-1A3956D46DE8}") = "PropertyManager", "PropertyManager", "{DFD7AFF6-28B5-4371-AD7C-D5E84F2B8172}"
EndProject
Project("{2150E333-8FDC-42A3-9474-1A3956D46DE8}") = "SchedulerManager", "SchedulerManager", "{160F72D1-9D69-4FE2-9D68-53CB828103DF}"
	ProjectSection(SolutionItems) = preProject
		src\SchedulerManager\test.txt = src\SchedulerManager\test.txt
	EndProjectSection
EndProject
Project("{2150E333-8FDC-42A3-9474-1A3956D46DE8}") = "ServiceManager", "ServiceManager", "{E26E508D-1A14-4C81-AC6C-3F78699C9B37}"
	ProjectSection(SolutionItems) = preProject
		src\ServiceManager\test.txt = src\ServiceManager\test.txt
	EndProjectSection
EndProject
Project("{FAE04EC0-301F-11D3-BF4B-00C04F79EFBC}") = "Travely.PropertyManager.Service", "src\PropertyManager\Travely.PropertyManager.Service\Travely.PropertyManager.Service.csproj", "{2C13C926-9540-4EAB-A755-3D334F631153}"
EndProject
Project("{FAE04EC0-301F-11D3-BF4B-00C04F79EFBC}") = "Travely.PropertyManager.Data", "src\PropertyManager\Travely.PropertyManager.Data\Travely.PropertyManager.Data.csproj", "{0A4C2E8A-06D0-4AAD-9878-4C24970EDC2C}"
EndProject
Project("{FAE04EC0-301F-11D3-BF4B-00C04F79EFBC}") = "Travely.PropertyManager.API", "src\PropertyManager\Travely.PropertyManager.API\Travely.PropertyManager.API.csproj", "{1CAD479D-B462-4878-9D69-BF86460899E2}"
EndProject
Project("{FAE04EC0-301F-11D3-BF4B-00C04F79EFBC}") = "Travely.PropertyManager.API.Models", "src\PropertyManager\Travely.PropertyManager.API.Models\Travely.PropertyManager.API.Models.csproj", "{FCF90172-D4A5-41C4-B6F3-F6C9256B86A5}"
EndProject
Global
	GlobalSection(SolutionConfigurationPlatforms) = preSolution
		Debug|Any CPU = Debug|Any CPU
		Release|Any CPU = Release|Any CPU
	EndGlobalSection
	GlobalSection(ProjectConfigurationPlatforms) = postSolution
		{D70AA8A7-FADE-47AE-B094-6FB4ADF7DD09}.Debug|Any CPU.ActiveCfg = Debug|Any CPU
		{D70AA8A7-FADE-47AE-B094-6FB4ADF7DD09}.Debug|Any CPU.Build.0 = Debug|Any CPU
		{D70AA8A7-FADE-47AE-B094-6FB4ADF7DD09}.Release|Any CPU.ActiveCfg = Release|Any CPU
		{D70AA8A7-FADE-47AE-B094-6FB4ADF7DD09}.Release|Any CPU.Build.0 = Release|Any CPU
		{1364D557-6F6B-433B-B1DE-C08B3A09FA91}.Debug|Any CPU.ActiveCfg = Debug|Any CPU
		{1364D557-6F6B-433B-B1DE-C08B3A09FA91}.Debug|Any CPU.Build.0 = Debug|Any CPU
		{1364D557-6F6B-433B-B1DE-C08B3A09FA91}.Release|Any CPU.ActiveCfg = Release|Any CPU
		{1364D557-6F6B-433B-B1DE-C08B3A09FA91}.Release|Any CPU.Build.0 = Release|Any CPU
		{88706F69-278E-4BDB-B397-04C5EFB969D4}.Debug|Any CPU.ActiveCfg = Debug|Any CPU
		{88706F69-278E-4BDB-B397-04C5EFB969D4}.Debug|Any CPU.Build.0 = Debug|Any CPU
		{88706F69-278E-4BDB-B397-04C5EFB969D4}.Release|Any CPU.ActiveCfg = Release|Any CPU
		{88706F69-278E-4BDB-B397-04C5EFB969D4}.Release|Any CPU.Build.0 = Release|Any CPU
		{5E9D68A4-5653-4A6D-B099-E2AF8703BB03}.Debug|Any CPU.ActiveCfg = Debug|Any CPU
		{5E9D68A4-5653-4A6D-B099-E2AF8703BB03}.Debug|Any CPU.Build.0 = Debug|Any CPU
		{5E9D68A4-5653-4A6D-B099-E2AF8703BB03}.Release|Any CPU.ActiveCfg = Release|Any CPU
		{5E9D68A4-5653-4A6D-B099-E2AF8703BB03}.Release|Any CPU.Build.0 = Release|Any CPU
		{2C13C926-9540-4EAB-A755-3D334F631153}.Debug|Any CPU.ActiveCfg = Debug|Any CPU
		{2C13C926-9540-4EAB-A755-3D334F631153}.Debug|Any CPU.Build.0 = Debug|Any CPU
		{2C13C926-9540-4EAB-A755-3D334F631153}.Release|Any CPU.ActiveCfg = Release|Any CPU
		{2C13C926-9540-4EAB-A755-3D334F631153}.Release|Any CPU.Build.0 = Release|Any CPU
		{0A4C2E8A-06D0-4AAD-9878-4C24970EDC2C}.Debug|Any CPU.ActiveCfg = Debug|Any CPU
		{0A4C2E8A-06D0-4AAD-9878-4C24970EDC2C}.Debug|Any CPU.Build.0 = Debug|Any CPU
		{0A4C2E8A-06D0-4AAD-9878-4C24970EDC2C}.Release|Any CPU.ActiveCfg = Release|Any CPU
		{0A4C2E8A-06D0-4AAD-9878-4C24970EDC2C}.Release|Any CPU.Build.0 = Release|Any CPU
		{1CAD479D-B462-4878-9D69-BF86460899E2}.Debug|Any CPU.ActiveCfg = Debug|Any CPU
		{1CAD479D-B462-4878-9D69-BF86460899E2}.Debug|Any CPU.Build.0 = Debug|Any CPU
		{1CAD479D-B462-4878-9D69-BF86460899E2}.Release|Any CPU.ActiveCfg = Release|Any CPU
		{1CAD479D-B462-4878-9D69-BF86460899E2}.Release|Any CPU.Build.0 = Release|Any CPU
		{FCF90172-D4A5-41C4-B6F3-F6C9256B86A5}.Debug|Any CPU.ActiveCfg = Debug|Any CPU
		{FCF90172-D4A5-41C4-B6F3-F6C9256B86A5}.Debug|Any CPU.Build.0 = Debug|Any CPU
		{FCF90172-D4A5-41C4-B6F3-F6C9256B86A5}.Release|Any CPU.ActiveCfg = Release|Any CPU
		{FCF90172-D4A5-41C4-B6F3-F6C9256B86A5}.Release|Any CPU.Build.0 = Release|Any CPU
	EndGlobalSection
	GlobalSection(SolutionProperties) = preSolution
		HideSolutionNode = FALSE
	EndGlobalSection
	GlobalSection(NestedProjects) = preSolution
		{D70AA8A7-FADE-47AE-B094-6FB4ADF7DD09} = {90D98036-508B-4ED9-A502-0D0340502EC4}
		{1364D557-6F6B-433B-B1DE-C08B3A09FA91} = {90D98036-508B-4ED9-A502-0D0340502EC4}
		{88706F69-278E-4BDB-B397-04C5EFB969D4} = {90D98036-508B-4ED9-A502-0D0340502EC4}
		{5E9D68A4-5653-4A6D-B099-E2AF8703BB03} = {90D98036-508B-4ED9-A502-0D0340502EC4}
		{2C13C926-9540-4EAB-A755-3D334F631153} = {DFD7AFF6-28B5-4371-AD7C-D5E84F2B8172}
		{0A4C2E8A-06D0-4AAD-9878-4C24970EDC2C} = {DFD7AFF6-28B5-4371-AD7C-D5E84F2B8172}
		{1CAD479D-B462-4878-9D69-BF86460899E2} = {DFD7AFF6-28B5-4371-AD7C-D5E84F2B8172}
		{FCF90172-D4A5-41C4-B6F3-F6C9256B86A5} = {DFD7AFF6-28B5-4371-AD7C-D5E84F2B8172}
	EndGlobalSection
	GlobalSection(ExtensibilityGlobals) = postSolution
		SolutionGuid = {415D9C51-FD40-480F-8A3F-95A1F0E5D750}
	EndGlobalSection
EndGlobal
