
Microsoft Visual Studio Solution File, Format Version 12.00
# Visual Studio Version 17
VisualStudioVersion = 17.1.31911.260
MinimumVisualStudioVersion = 10.0.40219.1
Project("{2150E333-8FDC-42A3-9474-1A3956D46DE8}") = "TourManager", "TourManager", "{90D98036-508B-4ED9-A502-0D0340502EC4}"
EndProject
Project("{2150E333-8FDC-42A3-9474-1A3956D46DE8}") = "ClientManager", "ClientManager", "{DD524728-1376-4BBE-9528-4FC9688B8F8B}"
EndProject
Project("{2150E333-8FDC-42A3-9474-1A3956D46DE8}") = "PropertyManager", "PropertyManager", "{DFD7AFF6-28B5-4371-AD7C-D5E84F2B8172}"
EndProject
Project("{2150E333-8FDC-42A3-9474-1A3956D46DE8}") = "SchedulerManager", "SchedulerManager", "{160F72D1-9D69-4FE2-9D68-53CB828103DF}"
EndProject
Project("{2150E333-8FDC-42A3-9474-1A3956D46DE8}") = "ServiceManager", "ServiceManager", "{E26E508D-1A14-4C81-AC6C-3F78699C9B37}"
EndProject
Project("{9A19103F-16F7-4668-BE54-9A1E7A4F7556}") = "Travely.ServiceManager.Service", "src\ServiceManager\Travely.ServiceManager.Service\Travely.ServiceManager.Service.csproj", "{5426BCE3-4AE4-4E53-888B-4AECCB5F2569}"
EndProject
Project("{9A19103F-16F7-4668-BE54-9A1E7A4F7556}") = "Travely.ServiceManager.Abstraction", "src\ServiceManager\Travely.ServiceManager.Abstraction\Travely.ServiceManager.Abstraction.csproj", "{8B610929-1305-459C-B29A-7A5E6002B57D}"
EndProject
Project("{9A19103F-16F7-4668-BE54-9A1E7A4F7556}") = "Travely.ServiceManager.DAL", "src\ServiceManager\Travely.ServiceManager.DAL\Travely.ServiceManager.DAL.csproj", "{0D8ADF2F-8C1B-4963-98C0-AB9C0090280C}"
EndProject
Project("{9A19103F-16F7-4668-BE54-9A1E7A4F7556}") = "Travely.ClientManager.Service", "src\ClientManager\Travely.ClientManager.Service\Travely.ClientManager.Service.csproj", "{01CFF23F-F7E5-4263-B563-489069A1B906}"
EndProject
Project("{9A19103F-16F7-4668-BE54-9A1E7A4F7556}") = "Travely.ClientManager.Repository", "src\ClientManager\Travely.ClientManager.Repository\Travely.ClientManager.Repository.csproj", "{27EF9DF1-D3EB-40AC-9072-F5F8E5474BBB}"
EndProject
Project("{9A19103F-16F7-4668-BE54-9A1E7A4F7556}") = "Travely.ClientManager.Abstraction", "src\ClientManager\Travely.ClientManager.Abstraction\Travely.ClientManager.Abstraction.csproj", "{D33F1F2F-A5E5-4E70-8527-5FBAB02B7F2B}"
EndProject
Project("{2150E333-8FDC-42A3-9474-1A3956D46DE8}") = "Repositories", "Repositories", "{460C6386-F8B7-4CF6-AC9C-D25A582492C1}"
EndProject
Project("{2150E333-8FDC-42A3-9474-1A3956D46DE8}") = "Services", "Services", "{3574B680-9A16-4461-A262-608E28BF717D}"
EndProject
Project("{9A19103F-16F7-4668-BE54-9A1E7A4F7556}") = "TourManager.Repository.Abstraction", "src\TourManager\TourManager.Repository.Abstraction\TourManager.Repository.Abstraction.csproj", "{09C38D14-6BC4-40E1-B980-230137C68058}"
EndProject
Project("{9A19103F-16F7-4668-BE54-9A1E7A4F7556}") = "TourManager.Repository.EfCore", "src\TourManager\TourManager.Repository.EfCore\TourManager.Repository.EfCore.csproj", "{E5C9D1EB-7B52-4A9F-960E-C8972E805873}"
EndProject
Project("{9A19103F-16F7-4668-BE54-9A1E7A4F7556}") = "TourManager.Repository.EfCore.MsSql", "src\TourManager\TourManager.Repository.EfCore.MsSql\TourManager.Repository.EfCore.MsSql.csproj", "{CA7C91DD-EC24-4B6F-93F8-F01D2FD56F46}"
EndProject
Project("{9A19103F-16F7-4668-BE54-9A1E7A4F7556}") = "TourManager.Service.Abstraction", "src\TourManager\TourManager.Service.Abstraction\TourManager.Service.Abstraction.csproj", "{511DD1DF-2181-4195-A281-56959855AFBB}"
EndProject
Project("{9A19103F-16F7-4668-BE54-9A1E7A4F7556}") = "TourManager.Service.Implementation", "src\TourManager\TourManager.Service.Implementation\TourManager.Service.Implementation.csproj", "{B6A9DC45-0167-40F9-AFC4-89CA4480EBDA}"
EndProject
Project("{9A19103F-16F7-4668-BE54-9A1E7A4F7556}") = "TourManager.Api", "src\TourManager\TourManager.Api\TourManager.Api.csproj", "{BE676902-87BC-4BA9-8B99-A99A3ABF7F9F}"
EndProject
Project("{2150E333-8FDC-42A3-9474-1A3956D46DE8}") = "Commons", "Commons", "{CF50A7A4-CC65-4638-A4B6-40FE5A7484AB}"
EndProject
Project("{9A19103F-16F7-4668-BE54-9A1E7A4F7556}") = "TourManager.Service.Model", "src\TourManager\TourManager.Service.Model\TourManager.Service.Model.csproj", "{C4446477-115B-44EE-A514-339C7C09E06E}"
EndProject
Project("{9A19103F-16F7-4668-BE54-9A1E7A4F7556}") = "Travely.Common", "src\Commons\Travely.Common\Travely.Common.csproj", "{FF2C00CD-A094-43CB-B133-9D716CBBA4AE}"
EndProject
Project("{2150E333-8FDC-42A3-9474-1A3956D46DE8}") = "Solution Items", "Solution Items", "{1252B952-BC6A-4EB2-9BE9-262D1E07F261}"
	ProjectSection(SolutionItems) = preProject
		.editorconfig = .editorconfig
	EndProjectSection
EndProject
Project("{9A19103F-16F7-4668-BE54-9A1E7A4F7556}") = "FileService", "src\FileServiceManager\FileService\FileService.csproj", "{0E19803B-CFD8-4D4D-9256-6B0DC136D18B}"
EndProject
Project("{2150E333-8FDC-42A3-9474-1A3956D46DE8}") = "FileServiceManager", "FileServiceManager", "{D2162C4E-9F43-4948-A11A-603EB06B2F22}"
EndProject
Project("{2150E333-8FDC-42A3-9474-1A3956D46DE8}") = "FileService", "FileService", "{91C8ABB2-45E1-499B-BC62-68CAC2C560C3}"
EndProject
Project("{2150E333-8FDC-42A3-9474-1A3956D46DE8}") = "Models", "Models", "{3A9DF6F2-2A4C-4203-810B-DC551CDE8B17}"
EndProject
Project("{9A19103F-16F7-4668-BE54-9A1E7A4F7556}") = "Models", "src\FileServiceManager\Models\Models.csproj", "{061C522B-A24F-4E61-B447-7665547F6965}"
EndProject
Project("{9A19103F-16F7-4668-BE54-9A1E7A4F7556}") = "Travely.ServiceManager.UnitTests", "src\ServiceManager\Travely.ServiceManager.UnitTests\Travely.ServiceManager.UnitTests.csproj", "{D202A102-FCFC-40E2-8E3D-323910AB10EA}"
EndProject
Project("{9A19103F-16F7-4668-BE54-9A1E7A4F7556}") = "Travely.SchedulerManager.Service", "src\SchedulerManager\Travely.SchedulerManager.Service\Travely.SchedulerManager.Service.csproj", "{67ACDFCB-0664-4855-8F95-080E861710E6}"
EndProject
Project("{9A19103F-16F7-4668-BE54-9A1E7A4F7556}") = "Travely.SchedulerManager.Abstraction", "src\SchedulerManager\Travely.SchedulerManager.Abstraction\Travely.SchedulerManager.Abstraction.csproj", "{67B36771-3A68-4889-A20C-C4AF81FE400A}"
EndProject
Project("{9A19103F-16F7-4668-BE54-9A1E7A4F7556}") = "Travely.SchedulerManager.Repository", "src\SchedulerManager\Travely.SchedulerManager.Repository\Travely.SchedulerManager.Repository.csproj", "{E1F72EDC-67A1-4F98-8044-1F648FFB3105}"
EndProject
Project("{9A19103F-16F7-4668-BE54-9A1E7A4F7556}") = "Travely.SchedulerManager.Job", "src\SchedulerManager\Travely.SchedulerManager.Job\Travely.SchedulerManager.Job.csproj", "{45A3D98F-7EDF-4036-A96B-6ECDE159CC4B}"
EndProject
Project("{9A19103F-16F7-4668-BE54-9A1E7A4F7556}") = "Travely.SchedulerManager.Notifier", "src\SchedulerManager\Travely.SchedulerManager.Notifier\Travely.SchedulerManager.Notifier.csproj", "{3FFF39FD-E734-4740-8603-170B312BFFAB}"
EndProject
Project("{9A19103F-16F7-4668-BE54-9A1E7A4F7556}") = "Travely.SchedulerManager.API", "src\SchedulerManager\Travely.SchedulerManager.API\Travely.SchedulerManager.API.csproj", "{3C0A22D4-CCD6-4E56-A44D-B0BA7E60560C}"
EndProject
Project("{9A19103F-16F7-4668-BE54-9A1E7A4F7556}") = "Travely.SchedulerManager.Common", "src\SchedulerManager\Travely.SchedulerManager.Common\Travely.SchedulerManager.Common.csproj", "{29CC9EA9-09B9-4C33-A3CA-07134909DD75}"
EndProject
Project("{E53339B2-1760-4266-BCC7-CA923CBCF16C}") = "docker-compose", "docker-compose.dcproj", "{3BFD94E7-283E-4E12-81B1-3C8F17A26270}"
EndProject
Project("{2150E333-8FDC-42A3-9474-1A3956D46DE8}") = "Shared", "Shared", "{89EB1A38-E372-4C12-AB1B-4C0FFB036D4A}"
EndProject
Project("{2150E333-8FDC-42A3-9474-1A3956D46DE8}") = "IdentityClient", "IdentityClient", "{7CC4583B-D8AA-4047-BF0D-9BC237A94D73}"
EndProject
Project("{9A19103F-16F7-4668-BE54-9A1E7A4F7556}") = "Travely.Shared.IdentityClient.Authorization", "src\Shared\IdentityClient\Travely.Shared.IdentityClient.Authorization.csproj", "{DB1D81F1-2BED-4C17-A0D2-1A82844D6B2D}"
EndProject
Project("{9A19103F-16F7-4668-BE54-9A1E7A4F7556}") = "Travely.PropertyManager.API", "src\PropertyManager\Travely.PropertyManager.API\Travely.PropertyManager.API.csproj", "{E70D4CD4-6CE0-4AD6-9696-391A81A3D52D}"
EndProject
Project("{9A19103F-16F7-4668-BE54-9A1E7A4F7556}") = "Travely.PropertyManager.Data", "src\PropertyManager\Travely.PropertyManager.Data\Travely.PropertyManager.Data.csproj", "{EFCBC87A-361D-4658-8013-B33A5D46B219}"
EndProject
Project("{9A19103F-16F7-4668-BE54-9A1E7A4F7556}") = "Travely.PropertyManager.Service", "src\PropertyManager\Travely.PropertyManager.Service\Travely.PropertyManager.Service.csproj", "{1C63DF0A-EA31-4C34-8235-1B6EC47CCE19}"
EndProject
Project("{2150E333-8FDC-42A3-9474-1A3956D46DE8}") = "Gateway", "Gateway", "{E2D0993F-6396-4BCC-828E-A2202A8BF4A0}"
EndProject
Project("{9A19103F-16F7-4668-BE54-9A1E7A4F7556}") = "Travely.Gateway", "src\Gateway\Travely.Gateway\Travely.Gateway.csproj", "{79B4A796-FD1E-4AE9-AB88-CAC84DFAA495}"
EndProject
Project("{9A19103F-16F7-4668-BE54-9A1E7A4F7556}") = "Travely.Common.Grpc", "src\Commons\Travely.Common.Grpc\Travely.Common.Grpc.csproj", "{02E1DB49-D268-4F6C-8D0D-DA5926BCFA3E}"
EndProject
Project("{9A19103F-16F7-4668-BE54-9A1E7A4F7556}") = "Travely.Common.Api", "src\Commons\Travely.Common.Api\Travely.Common.Api.csproj", "{1CBEDF31-44EA-4088-B0D5-C6EFF7C0BE98}"
EndProject
Project("{9A19103F-16F7-4668-BE54-9A1E7A4F7556}") = "Travely.ServiceManager.Grpc", "src\ServiceManager\Travely.ServiceManager.Grpc\Travely.ServiceManager.Grpc.csproj", "{3BB629C4-A095-482C-B242-1743B66E8C2E}"
EndProject
Project("{9A19103F-16F7-4668-BE54-9A1E7A4F7556}") = "Travely.Common.ServiceDiscovery", "src\Commons\Travely.Common.ServiceDiscovery\Travely.Common.ServiceDiscovery.csproj", "{7F8B76AB-727A-4C35-9AD1-9B2B12D98D7E}"
EndProject
Project("{2150E333-8FDC-42A3-9474-1A3956D46DE8}") = "IdentityManager", "IdentityManager", "{F7F08459-EC41-43D9-80B8-D957AE658B01}"
EndProject
Project("{9A19103F-16F7-4668-BE54-9A1E7A4F7556}") = "IdentityManager.WebApi", "src\IdentityManager\WebApi\IdentityManager.WebApi.csproj", "{588EE35F-8C69-4920-80D3-444A994E7C07}"
EndProject
Project("{9A19103F-16F7-4668-BE54-9A1E7A4F7556}") = "IdentityManager.Service.Abstractions", "src\IdentityManager\Service.Abstractions\IdentityManager.Service.Abstractions.csproj", "{2147E11E-25A1-42D2-BEE8-3E0F9292B3E2}"
EndProject
Project("{9A19103F-16F7-4668-BE54-9A1E7A4F7556}") = "IdentityManager.Service", "src\IdentityManager\Service\IdentityManager.Service.csproj", "{D8D0D025-BE63-4590-8C6F-CC4F0EDE234C}"
EndProject
Project("{9A19103F-16F7-4668-BE54-9A1E7A4F7556}") = "IdentityManager.Repository.EntityFramework", "src\IdentityManager\Repository.EntityFramework\IdentityManager.Repository.EntityFramework.csproj", "{B771DC11-EB1D-4554-B205-48737ABBD387}"
EndProject
Project("{9A19103F-16F7-4668-BE54-9A1E7A4F7556}") = "IdentityManager.Repository.Abstractions", "src\IdentityManager\Repository.Abstractions\IdentityManager.Repository.Abstractions.csproj", "{ABE051B0-83D7-43C3-802F-D5BA0D15E2F3}"
EndProject
Project("{9A19103F-16F7-4668-BE54-9A1E7A4F7556}") = "Travely.Common.Swagger", "src\Commons\Travely.Common.Swagger\Travely.Common.Swagger.csproj", "{6BC8BAB5-0525-4B2E-9E7C-D99A1131B4E7}"
EndProject
Project("{9A19103F-16F7-4668-BE54-9A1E7A4F7556}") = "Travely.SchedulerManager.Grpc", "src\SchedulerManager\Travely.SchedulerManager.Grpc\Travely.SchedulerManager.Grpc.csproj", "{93666BF9-A8E7-4365-B0BE-CC0A0216D40D}"
EndProject
Project("{9A19103F-16F7-4668-BE54-9A1E7A4F7556}") = "Travely.PropertyManager.Grpc", "src\PropertyManager\Travely.PropertyManager.Grpc\Travely.PropertyManager.Grpc.csproj", "{465B1C58-9705-463B-9B42-783E46F89A62}"
EndProject
Project("{9A19103F-16F7-4668-BE54-9A1E7A4F7556}") = "Travely.ClientManager.Grpc", "src\ClientManager\Travely.ClientManager.Grpc\Travely.ClientManager.Grpc.csproj", "{E6ED67D0-8F30-4C8C-9CFF-F83295DBDE00}"
EndProject
Project("{9A19103F-16F7-4668-BE54-9A1E7A4F7556}") = "TourModels", "src\Shared\TourModels\TourModels.csproj", "{2712E558-7578-40D6-A737-BB82F71707AF}"
EndProject
Project("{2150E333-8FDC-42A3-9474-1A3956D46DE8}") = "TourModels", "TourModels", "{1C54DFF3-B05A-4C49-8888-DDD71685302B}"
EndProject
Project("{2150E333-8FDC-42A3-9474-1A3956D46DE8}") = "ReportingManager", "ReportingManager", "{07DCDCFB-F9D8-4855-85A1-3DD77FDD9B09}"
EndProject
Project("{9A19103F-16F7-4668-BE54-9A1E7A4F7556}") = "Travely.ReportingManager.Data", "src\ReportingManager\Travely.ReportingManager.Data\Travely.ReportingManager.Data.csproj", "{435054E0-8BB9-42A6-921F-A180F3296FD8}"
EndProject
Project("{9A19103F-16F7-4668-BE54-9A1E7A4F7556}") = "Travely.ReportingManager.Services", "src\ReportingManager\Travely.ReportingManager.Services\Travely.ReportingManager.Services.csproj", "{B9C1EBC7-A17A-4279-AC26-8973D11EECF7}"
EndProject
Project("{9A19103F-16F7-4668-BE54-9A1E7A4F7556}") = "Travely.ReportingManager", "src\ReportingManager\Travely.ReportingManager\Travely.ReportingManager.csproj", "{9979A208-D644-4FA1-82D7-39C18883C614}"
EndProject
Project("{FAE04EC0-301F-11D3-BF4B-00C04F79EFBC}") = "Travely.ReportingManager.Grpc", "src\ReportingManager\Travely.ReportingManager.Grpc\Travely.ReportingManager.Grpc.csproj", "{540D8970-015E-4D7F-9722-C350A179E3AC}"
EndProject
Global
	GlobalSection(SolutionConfigurationPlatforms) = preSolution
		Debug|Any CPU = Debug|Any CPU
		Release|Any CPU = Release|Any CPU
	EndGlobalSection
	GlobalSection(ProjectConfigurationPlatforms) = postSolution
		{5426BCE3-4AE4-4E53-888B-4AECCB5F2569}.Debug|Any CPU.ActiveCfg = Debug|Any CPU
		{5426BCE3-4AE4-4E53-888B-4AECCB5F2569}.Debug|Any CPU.Build.0 = Debug|Any CPU
		{5426BCE3-4AE4-4E53-888B-4AECCB5F2569}.Release|Any CPU.ActiveCfg = Release|Any CPU
		{5426BCE3-4AE4-4E53-888B-4AECCB5F2569}.Release|Any CPU.Build.0 = Release|Any CPU
		{8B610929-1305-459C-B29A-7A5E6002B57D}.Debug|Any CPU.ActiveCfg = Debug|Any CPU
		{8B610929-1305-459C-B29A-7A5E6002B57D}.Debug|Any CPU.Build.0 = Debug|Any CPU
		{8B610929-1305-459C-B29A-7A5E6002B57D}.Release|Any CPU.ActiveCfg = Release|Any CPU
		{8B610929-1305-459C-B29A-7A5E6002B57D}.Release|Any CPU.Build.0 = Release|Any CPU
		{0D8ADF2F-8C1B-4963-98C0-AB9C0090280C}.Debug|Any CPU.ActiveCfg = Debug|Any CPU
		{0D8ADF2F-8C1B-4963-98C0-AB9C0090280C}.Debug|Any CPU.Build.0 = Debug|Any CPU
		{0D8ADF2F-8C1B-4963-98C0-AB9C0090280C}.Release|Any CPU.ActiveCfg = Release|Any CPU
		{0D8ADF2F-8C1B-4963-98C0-AB9C0090280C}.Release|Any CPU.Build.0 = Release|Any CPU
		{01CFF23F-F7E5-4263-B563-489069A1B906}.Debug|Any CPU.ActiveCfg = Debug|Any CPU
		{01CFF23F-F7E5-4263-B563-489069A1B906}.Debug|Any CPU.Build.0 = Debug|Any CPU
		{01CFF23F-F7E5-4263-B563-489069A1B906}.Release|Any CPU.ActiveCfg = Release|Any CPU
		{01CFF23F-F7E5-4263-B563-489069A1B906}.Release|Any CPU.Build.0 = Release|Any CPU
		{27EF9DF1-D3EB-40AC-9072-F5F8E5474BBB}.Debug|Any CPU.ActiveCfg = Debug|Any CPU
		{27EF9DF1-D3EB-40AC-9072-F5F8E5474BBB}.Debug|Any CPU.Build.0 = Debug|Any CPU
		{27EF9DF1-D3EB-40AC-9072-F5F8E5474BBB}.Release|Any CPU.ActiveCfg = Release|Any CPU
		{27EF9DF1-D3EB-40AC-9072-F5F8E5474BBB}.Release|Any CPU.Build.0 = Release|Any CPU
		{D33F1F2F-A5E5-4E70-8527-5FBAB02B7F2B}.Debug|Any CPU.ActiveCfg = Debug|Any CPU
		{D33F1F2F-A5E5-4E70-8527-5FBAB02B7F2B}.Debug|Any CPU.Build.0 = Debug|Any CPU
		{D33F1F2F-A5E5-4E70-8527-5FBAB02B7F2B}.Release|Any CPU.ActiveCfg = Release|Any CPU
		{D33F1F2F-A5E5-4E70-8527-5FBAB02B7F2B}.Release|Any CPU.Build.0 = Release|Any CPU
		{09C38D14-6BC4-40E1-B980-230137C68058}.Debug|Any CPU.ActiveCfg = Debug|Any CPU
		{09C38D14-6BC4-40E1-B980-230137C68058}.Debug|Any CPU.Build.0 = Debug|Any CPU
		{09C38D14-6BC4-40E1-B980-230137C68058}.Release|Any CPU.ActiveCfg = Release|Any CPU
		{09C38D14-6BC4-40E1-B980-230137C68058}.Release|Any CPU.Build.0 = Release|Any CPU
		{E5C9D1EB-7B52-4A9F-960E-C8972E805873}.Debug|Any CPU.ActiveCfg = Debug|Any CPU
		{E5C9D1EB-7B52-4A9F-960E-C8972E805873}.Debug|Any CPU.Build.0 = Debug|Any CPU
		{E5C9D1EB-7B52-4A9F-960E-C8972E805873}.Release|Any CPU.ActiveCfg = Release|Any CPU
		{E5C9D1EB-7B52-4A9F-960E-C8972E805873}.Release|Any CPU.Build.0 = Release|Any CPU
		{CA7C91DD-EC24-4B6F-93F8-F01D2FD56F46}.Debug|Any CPU.ActiveCfg = Debug|Any CPU
		{CA7C91DD-EC24-4B6F-93F8-F01D2FD56F46}.Debug|Any CPU.Build.0 = Debug|Any CPU
		{CA7C91DD-EC24-4B6F-93F8-F01D2FD56F46}.Release|Any CPU.ActiveCfg = Release|Any CPU
		{CA7C91DD-EC24-4B6F-93F8-F01D2FD56F46}.Release|Any CPU.Build.0 = Release|Any CPU
		{511DD1DF-2181-4195-A281-56959855AFBB}.Debug|Any CPU.ActiveCfg = Debug|Any CPU
		{511DD1DF-2181-4195-A281-56959855AFBB}.Debug|Any CPU.Build.0 = Debug|Any CPU
		{511DD1DF-2181-4195-A281-56959855AFBB}.Release|Any CPU.ActiveCfg = Release|Any CPU
		{511DD1DF-2181-4195-A281-56959855AFBB}.Release|Any CPU.Build.0 = Release|Any CPU
		{B6A9DC45-0167-40F9-AFC4-89CA4480EBDA}.Debug|Any CPU.ActiveCfg = Debug|Any CPU
		{B6A9DC45-0167-40F9-AFC4-89CA4480EBDA}.Debug|Any CPU.Build.0 = Debug|Any CPU
		{B6A9DC45-0167-40F9-AFC4-89CA4480EBDA}.Release|Any CPU.ActiveCfg = Release|Any CPU
		{B6A9DC45-0167-40F9-AFC4-89CA4480EBDA}.Release|Any CPU.Build.0 = Release|Any CPU
		{BE676902-87BC-4BA9-8B99-A99A3ABF7F9F}.Debug|Any CPU.ActiveCfg = Debug|Any CPU
		{BE676902-87BC-4BA9-8B99-A99A3ABF7F9F}.Debug|Any CPU.Build.0 = Debug|Any CPU
		{BE676902-87BC-4BA9-8B99-A99A3ABF7F9F}.Release|Any CPU.ActiveCfg = Release|Any CPU
		{BE676902-87BC-4BA9-8B99-A99A3ABF7F9F}.Release|Any CPU.Build.0 = Release|Any CPU
		{C4446477-115B-44EE-A514-339C7C09E06E}.Debug|Any CPU.ActiveCfg = Debug|Any CPU
		{C4446477-115B-44EE-A514-339C7C09E06E}.Debug|Any CPU.Build.0 = Debug|Any CPU
		{C4446477-115B-44EE-A514-339C7C09E06E}.Release|Any CPU.ActiveCfg = Release|Any CPU
		{C4446477-115B-44EE-A514-339C7C09E06E}.Release|Any CPU.Build.0 = Release|Any CPU
		{FF2C00CD-A094-43CB-B133-9D716CBBA4AE}.Debug|Any CPU.ActiveCfg = Debug|Any CPU
		{FF2C00CD-A094-43CB-B133-9D716CBBA4AE}.Debug|Any CPU.Build.0 = Debug|Any CPU
		{FF2C00CD-A094-43CB-B133-9D716CBBA4AE}.Release|Any CPU.ActiveCfg = Release|Any CPU
		{FF2C00CD-A094-43CB-B133-9D716CBBA4AE}.Release|Any CPU.Build.0 = Release|Any CPU
		{0E19803B-CFD8-4D4D-9256-6B0DC136D18B}.Debug|Any CPU.ActiveCfg = Debug|Any CPU
		{0E19803B-CFD8-4D4D-9256-6B0DC136D18B}.Debug|Any CPU.Build.0 = Debug|Any CPU
		{0E19803B-CFD8-4D4D-9256-6B0DC136D18B}.Release|Any CPU.ActiveCfg = Release|Any CPU
		{0E19803B-CFD8-4D4D-9256-6B0DC136D18B}.Release|Any CPU.Build.0 = Release|Any CPU
		{061C522B-A24F-4E61-B447-7665547F6965}.Debug|Any CPU.ActiveCfg = Debug|Any CPU
		{061C522B-A24F-4E61-B447-7665547F6965}.Debug|Any CPU.Build.0 = Debug|Any CPU
		{061C522B-A24F-4E61-B447-7665547F6965}.Release|Any CPU.ActiveCfg = Release|Any CPU
		{061C522B-A24F-4E61-B447-7665547F6965}.Release|Any CPU.Build.0 = Release|Any CPU
		{D202A102-FCFC-40E2-8E3D-323910AB10EA}.Debug|Any CPU.ActiveCfg = Debug|Any CPU
		{D202A102-FCFC-40E2-8E3D-323910AB10EA}.Debug|Any CPU.Build.0 = Debug|Any CPU
		{D202A102-FCFC-40E2-8E3D-323910AB10EA}.Release|Any CPU.ActiveCfg = Release|Any CPU
		{D202A102-FCFC-40E2-8E3D-323910AB10EA}.Release|Any CPU.Build.0 = Release|Any CPU
		{67ACDFCB-0664-4855-8F95-080E861710E6}.Debug|Any CPU.ActiveCfg = Debug|Any CPU
		{67ACDFCB-0664-4855-8F95-080E861710E6}.Debug|Any CPU.Build.0 = Debug|Any CPU
		{67ACDFCB-0664-4855-8F95-080E861710E6}.Release|Any CPU.ActiveCfg = Release|Any CPU
		{67ACDFCB-0664-4855-8F95-080E861710E6}.Release|Any CPU.Build.0 = Release|Any CPU
		{67B36771-3A68-4889-A20C-C4AF81FE400A}.Debug|Any CPU.ActiveCfg = Debug|Any CPU
		{67B36771-3A68-4889-A20C-C4AF81FE400A}.Debug|Any CPU.Build.0 = Debug|Any CPU
		{67B36771-3A68-4889-A20C-C4AF81FE400A}.Release|Any CPU.ActiveCfg = Release|Any CPU
		{67B36771-3A68-4889-A20C-C4AF81FE400A}.Release|Any CPU.Build.0 = Release|Any CPU
		{E1F72EDC-67A1-4F98-8044-1F648FFB3105}.Debug|Any CPU.ActiveCfg = Debug|Any CPU
		{E1F72EDC-67A1-4F98-8044-1F648FFB3105}.Debug|Any CPU.Build.0 = Debug|Any CPU
		{E1F72EDC-67A1-4F98-8044-1F648FFB3105}.Release|Any CPU.ActiveCfg = Release|Any CPU
		{E1F72EDC-67A1-4F98-8044-1F648FFB3105}.Release|Any CPU.Build.0 = Release|Any CPU
		{45A3D98F-7EDF-4036-A96B-6ECDE159CC4B}.Debug|Any CPU.ActiveCfg = Debug|Any CPU
		{45A3D98F-7EDF-4036-A96B-6ECDE159CC4B}.Debug|Any CPU.Build.0 = Debug|Any CPU
		{45A3D98F-7EDF-4036-A96B-6ECDE159CC4B}.Release|Any CPU.ActiveCfg = Release|Any CPU
		{45A3D98F-7EDF-4036-A96B-6ECDE159CC4B}.Release|Any CPU.Build.0 = Release|Any CPU
		{3FFF39FD-E734-4740-8603-170B312BFFAB}.Debug|Any CPU.ActiveCfg = Debug|Any CPU
		{3FFF39FD-E734-4740-8603-170B312BFFAB}.Debug|Any CPU.Build.0 = Debug|Any CPU
		{3FFF39FD-E734-4740-8603-170B312BFFAB}.Release|Any CPU.ActiveCfg = Release|Any CPU
		{3FFF39FD-E734-4740-8603-170B312BFFAB}.Release|Any CPU.Build.0 = Release|Any CPU
		{3C0A22D4-CCD6-4E56-A44D-B0BA7E60560C}.Debug|Any CPU.ActiveCfg = Debug|Any CPU
		{3C0A22D4-CCD6-4E56-A44D-B0BA7E60560C}.Debug|Any CPU.Build.0 = Debug|Any CPU
		{3C0A22D4-CCD6-4E56-A44D-B0BA7E60560C}.Release|Any CPU.ActiveCfg = Release|Any CPU
		{3C0A22D4-CCD6-4E56-A44D-B0BA7E60560C}.Release|Any CPU.Build.0 = Release|Any CPU
		{29CC9EA9-09B9-4C33-A3CA-07134909DD75}.Debug|Any CPU.ActiveCfg = Debug|Any CPU
		{29CC9EA9-09B9-4C33-A3CA-07134909DD75}.Debug|Any CPU.Build.0 = Debug|Any CPU
		{29CC9EA9-09B9-4C33-A3CA-07134909DD75}.Release|Any CPU.ActiveCfg = Release|Any CPU
		{29CC9EA9-09B9-4C33-A3CA-07134909DD75}.Release|Any CPU.Build.0 = Release|Any CPU
		{3BFD94E7-283E-4E12-81B1-3C8F17A26270}.Debug|Any CPU.ActiveCfg = Debug|Any CPU
		{3BFD94E7-283E-4E12-81B1-3C8F17A26270}.Debug|Any CPU.Build.0 = Debug|Any CPU
		{3BFD94E7-283E-4E12-81B1-3C8F17A26270}.Release|Any CPU.ActiveCfg = Release|Any CPU
		{3BFD94E7-283E-4E12-81B1-3C8F17A26270}.Release|Any CPU.Build.0 = Release|Any CPU
		{DB1D81F1-2BED-4C17-A0D2-1A82844D6B2D}.Debug|Any CPU.ActiveCfg = Debug|Any CPU
		{DB1D81F1-2BED-4C17-A0D2-1A82844D6B2D}.Debug|Any CPU.Build.0 = Debug|Any CPU
		{DB1D81F1-2BED-4C17-A0D2-1A82844D6B2D}.Release|Any CPU.ActiveCfg = Release|Any CPU
		{DB1D81F1-2BED-4C17-A0D2-1A82844D6B2D}.Release|Any CPU.Build.0 = Release|Any CPU
		{E70D4CD4-6CE0-4AD6-9696-391A81A3D52D}.Debug|Any CPU.ActiveCfg = Debug|Any CPU
		{E70D4CD4-6CE0-4AD6-9696-391A81A3D52D}.Debug|Any CPU.Build.0 = Debug|Any CPU
		{E70D4CD4-6CE0-4AD6-9696-391A81A3D52D}.Release|Any CPU.ActiveCfg = Release|Any CPU
		{E70D4CD4-6CE0-4AD6-9696-391A81A3D52D}.Release|Any CPU.Build.0 = Release|Any CPU
		{EFCBC87A-361D-4658-8013-B33A5D46B219}.Debug|Any CPU.ActiveCfg = Debug|Any CPU
		{EFCBC87A-361D-4658-8013-B33A5D46B219}.Debug|Any CPU.Build.0 = Debug|Any CPU
		{EFCBC87A-361D-4658-8013-B33A5D46B219}.Release|Any CPU.ActiveCfg = Release|Any CPU
		{EFCBC87A-361D-4658-8013-B33A5D46B219}.Release|Any CPU.Build.0 = Release|Any CPU
		{1C63DF0A-EA31-4C34-8235-1B6EC47CCE19}.Debug|Any CPU.ActiveCfg = Debug|Any CPU
		{1C63DF0A-EA31-4C34-8235-1B6EC47CCE19}.Debug|Any CPU.Build.0 = Debug|Any CPU
		{1C63DF0A-EA31-4C34-8235-1B6EC47CCE19}.Release|Any CPU.ActiveCfg = Release|Any CPU
		{1C63DF0A-EA31-4C34-8235-1B6EC47CCE19}.Release|Any CPU.Build.0 = Release|Any CPU
		{79B4A796-FD1E-4AE9-AB88-CAC84DFAA495}.Debug|Any CPU.ActiveCfg = Debug|Any CPU
		{79B4A796-FD1E-4AE9-AB88-CAC84DFAA495}.Debug|Any CPU.Build.0 = Debug|Any CPU
		{79B4A796-FD1E-4AE9-AB88-CAC84DFAA495}.Release|Any CPU.ActiveCfg = Release|Any CPU
		{79B4A796-FD1E-4AE9-AB88-CAC84DFAA495}.Release|Any CPU.Build.0 = Release|Any CPU
		{02E1DB49-D268-4F6C-8D0D-DA5926BCFA3E}.Debug|Any CPU.ActiveCfg = Debug|Any CPU
		{02E1DB49-D268-4F6C-8D0D-DA5926BCFA3E}.Debug|Any CPU.Build.0 = Debug|Any CPU
		{02E1DB49-D268-4F6C-8D0D-DA5926BCFA3E}.Release|Any CPU.ActiveCfg = Release|Any CPU
		{02E1DB49-D268-4F6C-8D0D-DA5926BCFA3E}.Release|Any CPU.Build.0 = Release|Any CPU
		{1CBEDF31-44EA-4088-B0D5-C6EFF7C0BE98}.Debug|Any CPU.ActiveCfg = Debug|Any CPU
		{1CBEDF31-44EA-4088-B0D5-C6EFF7C0BE98}.Debug|Any CPU.Build.0 = Debug|Any CPU
		{1CBEDF31-44EA-4088-B0D5-C6EFF7C0BE98}.Release|Any CPU.ActiveCfg = Release|Any CPU
		{1CBEDF31-44EA-4088-B0D5-C6EFF7C0BE98}.Release|Any CPU.Build.0 = Release|Any CPU
		{3BB629C4-A095-482C-B242-1743B66E8C2E}.Debug|Any CPU.ActiveCfg = Debug|Any CPU
		{3BB629C4-A095-482C-B242-1743B66E8C2E}.Debug|Any CPU.Build.0 = Debug|Any CPU
		{3BB629C4-A095-482C-B242-1743B66E8C2E}.Release|Any CPU.ActiveCfg = Release|Any CPU
		{3BB629C4-A095-482C-B242-1743B66E8C2E}.Release|Any CPU.Build.0 = Release|Any CPU
		{7F8B76AB-727A-4C35-9AD1-9B2B12D98D7E}.Debug|Any CPU.ActiveCfg = Debug|Any CPU
		{7F8B76AB-727A-4C35-9AD1-9B2B12D98D7E}.Debug|Any CPU.Build.0 = Debug|Any CPU
		{7F8B76AB-727A-4C35-9AD1-9B2B12D98D7E}.Release|Any CPU.ActiveCfg = Release|Any CPU
		{7F8B76AB-727A-4C35-9AD1-9B2B12D98D7E}.Release|Any CPU.Build.0 = Release|Any CPU
		{588EE35F-8C69-4920-80D3-444A994E7C07}.Debug|Any CPU.ActiveCfg = Debug|Any CPU
		{588EE35F-8C69-4920-80D3-444A994E7C07}.Debug|Any CPU.Build.0 = Debug|Any CPU
		{588EE35F-8C69-4920-80D3-444A994E7C07}.Release|Any CPU.ActiveCfg = Release|Any CPU
		{588EE35F-8C69-4920-80D3-444A994E7C07}.Release|Any CPU.Build.0 = Release|Any CPU
		{2147E11E-25A1-42D2-BEE8-3E0F9292B3E2}.Debug|Any CPU.ActiveCfg = Debug|Any CPU
		{2147E11E-25A1-42D2-BEE8-3E0F9292B3E2}.Debug|Any CPU.Build.0 = Debug|Any CPU
		{2147E11E-25A1-42D2-BEE8-3E0F9292B3E2}.Release|Any CPU.ActiveCfg = Release|Any CPU
		{2147E11E-25A1-42D2-BEE8-3E0F9292B3E2}.Release|Any CPU.Build.0 = Release|Any CPU
		{D8D0D025-BE63-4590-8C6F-CC4F0EDE234C}.Debug|Any CPU.ActiveCfg = Debug|Any CPU
		{D8D0D025-BE63-4590-8C6F-CC4F0EDE234C}.Debug|Any CPU.Build.0 = Debug|Any CPU
		{D8D0D025-BE63-4590-8C6F-CC4F0EDE234C}.Release|Any CPU.ActiveCfg = Release|Any CPU
		{D8D0D025-BE63-4590-8C6F-CC4F0EDE234C}.Release|Any CPU.Build.0 = Release|Any CPU
		{B771DC11-EB1D-4554-B205-48737ABBD387}.Debug|Any CPU.ActiveCfg = Debug|Any CPU
		{B771DC11-EB1D-4554-B205-48737ABBD387}.Debug|Any CPU.Build.0 = Debug|Any CPU
		{B771DC11-EB1D-4554-B205-48737ABBD387}.Release|Any CPU.ActiveCfg = Release|Any CPU
		{B771DC11-EB1D-4554-B205-48737ABBD387}.Release|Any CPU.Build.0 = Release|Any CPU
		{ABE051B0-83D7-43C3-802F-D5BA0D15E2F3}.Debug|Any CPU.ActiveCfg = Debug|Any CPU
		{ABE051B0-83D7-43C3-802F-D5BA0D15E2F3}.Debug|Any CPU.Build.0 = Debug|Any CPU
		{ABE051B0-83D7-43C3-802F-D5BA0D15E2F3}.Release|Any CPU.ActiveCfg = Release|Any CPU
		{ABE051B0-83D7-43C3-802F-D5BA0D15E2F3}.Release|Any CPU.Build.0 = Release|Any CPU
		{6BC8BAB5-0525-4B2E-9E7C-D99A1131B4E7}.Debug|Any CPU.ActiveCfg = Debug|Any CPU
		{6BC8BAB5-0525-4B2E-9E7C-D99A1131B4E7}.Debug|Any CPU.Build.0 = Debug|Any CPU
		{6BC8BAB5-0525-4B2E-9E7C-D99A1131B4E7}.Release|Any CPU.ActiveCfg = Release|Any CPU
		{6BC8BAB5-0525-4B2E-9E7C-D99A1131B4E7}.Release|Any CPU.Build.0 = Release|Any CPU
		{93666BF9-A8E7-4365-B0BE-CC0A0216D40D}.Debug|Any CPU.ActiveCfg = Debug|Any CPU
		{93666BF9-A8E7-4365-B0BE-CC0A0216D40D}.Debug|Any CPU.Build.0 = Debug|Any CPU
		{93666BF9-A8E7-4365-B0BE-CC0A0216D40D}.Release|Any CPU.ActiveCfg = Release|Any CPU
		{93666BF9-A8E7-4365-B0BE-CC0A0216D40D}.Release|Any CPU.Build.0 = Release|Any CPU
		{465B1C58-9705-463B-9B42-783E46F89A62}.Debug|Any CPU.ActiveCfg = Debug|Any CPU
		{465B1C58-9705-463B-9B42-783E46F89A62}.Debug|Any CPU.Build.0 = Debug|Any CPU
		{465B1C58-9705-463B-9B42-783E46F89A62}.Release|Any CPU.ActiveCfg = Release|Any CPU
		{465B1C58-9705-463B-9B42-783E46F89A62}.Release|Any CPU.Build.0 = Release|Any CPU
		{E6ED67D0-8F30-4C8C-9CFF-F83295DBDE00}.Debug|Any CPU.ActiveCfg = Debug|Any CPU
		{E6ED67D0-8F30-4C8C-9CFF-F83295DBDE00}.Debug|Any CPU.Build.0 = Debug|Any CPU
		{E6ED67D0-8F30-4C8C-9CFF-F83295DBDE00}.Release|Any CPU.ActiveCfg = Release|Any CPU
		{E6ED67D0-8F30-4C8C-9CFF-F83295DBDE00}.Release|Any CPU.Build.0 = Release|Any CPU
		{2712E558-7578-40D6-A737-BB82F71707AF}.Debug|Any CPU.ActiveCfg = Debug|Any CPU
		{2712E558-7578-40D6-A737-BB82F71707AF}.Debug|Any CPU.Build.0 = Debug|Any CPU
		{2712E558-7578-40D6-A737-BB82F71707AF}.Release|Any CPU.ActiveCfg = Release|Any CPU
		{2712E558-7578-40D6-A737-BB82F71707AF}.Release|Any CPU.Build.0 = Release|Any CPU
		{435054E0-8BB9-42A6-921F-A180F3296FD8}.Debug|Any CPU.ActiveCfg = Debug|Any CPU
		{435054E0-8BB9-42A6-921F-A180F3296FD8}.Debug|Any CPU.Build.0 = Debug|Any CPU
		{435054E0-8BB9-42A6-921F-A180F3296FD8}.Release|Any CPU.ActiveCfg = Release|Any CPU
		{435054E0-8BB9-42A6-921F-A180F3296FD8}.Release|Any CPU.Build.0 = Release|Any CPU
		{B9C1EBC7-A17A-4279-AC26-8973D11EECF7}.Debug|Any CPU.ActiveCfg = Debug|Any CPU
		{B9C1EBC7-A17A-4279-AC26-8973D11EECF7}.Debug|Any CPU.Build.0 = Debug|Any CPU
		{B9C1EBC7-A17A-4279-AC26-8973D11EECF7}.Release|Any CPU.ActiveCfg = Release|Any CPU
		{B9C1EBC7-A17A-4279-AC26-8973D11EECF7}.Release|Any CPU.Build.0 = Release|Any CPU
		{9979A208-D644-4FA1-82D7-39C18883C614}.Debug|Any CPU.ActiveCfg = Debug|Any CPU
		{9979A208-D644-4FA1-82D7-39C18883C614}.Debug|Any CPU.Build.0 = Debug|Any CPU
		{9979A208-D644-4FA1-82D7-39C18883C614}.Release|Any CPU.ActiveCfg = Release|Any CPU
		{9979A208-D644-4FA1-82D7-39C18883C614}.Release|Any CPU.Build.0 = Release|Any CPU
		{540D8970-015E-4D7F-9722-C350A179E3AC}.Debug|Any CPU.ActiveCfg = Debug|Any CPU
		{540D8970-015E-4D7F-9722-C350A179E3AC}.Debug|Any CPU.Build.0 = Debug|Any CPU
		{540D8970-015E-4D7F-9722-C350A179E3AC}.Release|Any CPU.ActiveCfg = Release|Any CPU
		{540D8970-015E-4D7F-9722-C350A179E3AC}.Release|Any CPU.Build.0 = Release|Any CPU
	EndGlobalSection
	GlobalSection(SolutionProperties) = preSolution
		HideSolutionNode = FALSE
	EndGlobalSection
	GlobalSection(NestedProjects) = preSolution
		{5426BCE3-4AE4-4E53-888B-4AECCB5F2569} = {E26E508D-1A14-4C81-AC6C-3F78699C9B37}
		{8B610929-1305-459C-B29A-7A5E6002B57D} = {E26E508D-1A14-4C81-AC6C-3F78699C9B37}
		{0D8ADF2F-8C1B-4963-98C0-AB9C0090280C} = {E26E508D-1A14-4C81-AC6C-3F78699C9B37}
		{01CFF23F-F7E5-4263-B563-489069A1B906} = {DD524728-1376-4BBE-9528-4FC9688B8F8B}
		{27EF9DF1-D3EB-40AC-9072-F5F8E5474BBB} = {DD524728-1376-4BBE-9528-4FC9688B8F8B}
		{D33F1F2F-A5E5-4E70-8527-5FBAB02B7F2B} = {DD524728-1376-4BBE-9528-4FC9688B8F8B}
		{460C6386-F8B7-4CF6-AC9C-D25A582492C1} = {90D98036-508B-4ED9-A502-0D0340502EC4}
		{3574B680-9A16-4461-A262-608E28BF717D} = {90D98036-508B-4ED9-A502-0D0340502EC4}
		{09C38D14-6BC4-40E1-B980-230137C68058} = {460C6386-F8B7-4CF6-AC9C-D25A582492C1}
		{E5C9D1EB-7B52-4A9F-960E-C8972E805873} = {460C6386-F8B7-4CF6-AC9C-D25A582492C1}
		{CA7C91DD-EC24-4B6F-93F8-F01D2FD56F46} = {460C6386-F8B7-4CF6-AC9C-D25A582492C1}
		{511DD1DF-2181-4195-A281-56959855AFBB} = {3574B680-9A16-4461-A262-608E28BF717D}
		{B6A9DC45-0167-40F9-AFC4-89CA4480EBDA} = {3574B680-9A16-4461-A262-608E28BF717D}
		{BE676902-87BC-4BA9-8B99-A99A3ABF7F9F} = {90D98036-508B-4ED9-A502-0D0340502EC4}
		{C4446477-115B-44EE-A514-339C7C09E06E} = {3574B680-9A16-4461-A262-608E28BF717D}
		{FF2C00CD-A094-43CB-B133-9D716CBBA4AE} = {CF50A7A4-CC65-4638-A4B6-40FE5A7484AB}
		{0E19803B-CFD8-4D4D-9256-6B0DC136D18B} = {91C8ABB2-45E1-499B-BC62-68CAC2C560C3}
		{91C8ABB2-45E1-499B-BC62-68CAC2C560C3} = {D2162C4E-9F43-4948-A11A-603EB06B2F22}
		{3A9DF6F2-2A4C-4203-810B-DC551CDE8B17} = {D2162C4E-9F43-4948-A11A-603EB06B2F22}
		{061C522B-A24F-4E61-B447-7665547F6965} = {3A9DF6F2-2A4C-4203-810B-DC551CDE8B17}
		{D202A102-FCFC-40E2-8E3D-323910AB10EA} = {E26E508D-1A14-4C81-AC6C-3F78699C9B37}
		{67ACDFCB-0664-4855-8F95-080E861710E6} = {160F72D1-9D69-4FE2-9D68-53CB828103DF}
		{67B36771-3A68-4889-A20C-C4AF81FE400A} = {160F72D1-9D69-4FE2-9D68-53CB828103DF}
		{E1F72EDC-67A1-4F98-8044-1F648FFB3105} = {160F72D1-9D69-4FE2-9D68-53CB828103DF}
		{45A3D98F-7EDF-4036-A96B-6ECDE159CC4B} = {160F72D1-9D69-4FE2-9D68-53CB828103DF}
		{3FFF39FD-E734-4740-8603-170B312BFFAB} = {160F72D1-9D69-4FE2-9D68-53CB828103DF}
		{3C0A22D4-CCD6-4E56-A44D-B0BA7E60560C} = {160F72D1-9D69-4FE2-9D68-53CB828103DF}
		{29CC9EA9-09B9-4C33-A3CA-07134909DD75} = {160F72D1-9D69-4FE2-9D68-53CB828103DF}
		{7CC4583B-D8AA-4047-BF0D-9BC237A94D73} = {89EB1A38-E372-4C12-AB1B-4C0FFB036D4A}
		{DB1D81F1-2BED-4C17-A0D2-1A82844D6B2D} = {7CC4583B-D8AA-4047-BF0D-9BC237A94D73}
		{E70D4CD4-6CE0-4AD6-9696-391A81A3D52D} = {DFD7AFF6-28B5-4371-AD7C-D5E84F2B8172}
		{EFCBC87A-361D-4658-8013-B33A5D46B219} = {DFD7AFF6-28B5-4371-AD7C-D5E84F2B8172}
		{1C63DF0A-EA31-4C34-8235-1B6EC47CCE19} = {DFD7AFF6-28B5-4371-AD7C-D5E84F2B8172}
		{79B4A796-FD1E-4AE9-AB88-CAC84DFAA495} = {E2D0993F-6396-4BCC-828E-A2202A8BF4A0}
		{02E1DB49-D268-4F6C-8D0D-DA5926BCFA3E} = {CF50A7A4-CC65-4638-A4B6-40FE5A7484AB}
		{1CBEDF31-44EA-4088-B0D5-C6EFF7C0BE98} = {CF50A7A4-CC65-4638-A4B6-40FE5A7484AB}
		{3BB629C4-A095-482C-B242-1743B66E8C2E} = {E26E508D-1A14-4C81-AC6C-3F78699C9B37}
		{7F8B76AB-727A-4C35-9AD1-9B2B12D98D7E} = {CF50A7A4-CC65-4638-A4B6-40FE5A7484AB}
		{588EE35F-8C69-4920-80D3-444A994E7C07} = {F7F08459-EC41-43D9-80B8-D957AE658B01}
		{2147E11E-25A1-42D2-BEE8-3E0F9292B3E2} = {F7F08459-EC41-43D9-80B8-D957AE658B01}
		{D8D0D025-BE63-4590-8C6F-CC4F0EDE234C} = {F7F08459-EC41-43D9-80B8-D957AE658B01}
		{B771DC11-EB1D-4554-B205-48737ABBD387} = {F7F08459-EC41-43D9-80B8-D957AE658B01}
		{ABE051B0-83D7-43C3-802F-D5BA0D15E2F3} = {F7F08459-EC41-43D9-80B8-D957AE658B01}
		{6BC8BAB5-0525-4B2E-9E7C-D99A1131B4E7} = {CF50A7A4-CC65-4638-A4B6-40FE5A7484AB}
		{93666BF9-A8E7-4365-B0BE-CC0A0216D40D} = {160F72D1-9D69-4FE2-9D68-53CB828103DF}
		{465B1C58-9705-463B-9B42-783E46F89A62} = {DFD7AFF6-28B5-4371-AD7C-D5E84F2B8172}
		{E6ED67D0-8F30-4C8C-9CFF-F83295DBDE00} = {DD524728-1376-4BBE-9528-4FC9688B8F8B}
		{2712E558-7578-40D6-A737-BB82F71707AF} = {1C54DFF3-B05A-4C49-8888-DDD71685302B}
		{1C54DFF3-B05A-4C49-8888-DDD71685302B} = {89EB1A38-E372-4C12-AB1B-4C0FFB036D4A}
		{435054E0-8BB9-42A6-921F-A180F3296FD8} = {07DCDCFB-F9D8-4855-85A1-3DD77FDD9B09}
		{B9C1EBC7-A17A-4279-AC26-8973D11EECF7} = {07DCDCFB-F9D8-4855-85A1-3DD77FDD9B09}
		{9979A208-D644-4FA1-82D7-39C18883C614} = {07DCDCFB-F9D8-4855-85A1-3DD77FDD9B09}
		{540D8970-015E-4D7F-9722-C350A179E3AC} = {07DCDCFB-F9D8-4855-85A1-3DD77FDD9B09}
	EndGlobalSection
	GlobalSection(ExtensibilityGlobals) = postSolution
		SolutionGuid = {415D9C51-FD40-480F-8A3F-95A1F0E5D750}
	EndGlobalSection
EndGlobal
